// !$*UTF8*$!
{
	archiveVersion = 1;
	classes = {
	};
	objectVersion = 45;
	objects = {

/* Begin PBXBuildFile section */
		0E23974F109D82F500601771 /* PDFAppDelegate.m in Sources */ = {isa = PBXBuildFile; fileRef = 0E23974C109D82F500601771 /* PDFAppDelegate.m */; };
		0E239750109D82F500601771 /* PDFViewController.m in Sources */ = {isa = PBXBuildFile; fileRef = 0E23974E109D82F500601771 /* PDFViewController.m */; };
		0E23984B109D885400601771 /* test.png in Resources */ = {isa = PBXBuildFile; fileRef = 0E23984A109D885400601771 /* test.png */; };
		0E239892109D8CEB00601771 /* PDFView.xib in Resources */ = {isa = PBXBuildFile; fileRef = 0E239891109D8CEB00601771 /* PDFView.xib */; };
		0EE1209A109360A7001190C3 /* PDFService.m in Sources */ = {isa = PBXBuildFile; fileRef = 0EE12099109360A7001190C3 /* PDFService.m */; };
		0EE7E1A2108996050030B9EF /* libpng.a in Frameworks */ = {isa = PBXBuildFile; fileRef = 0EE7E170108995040030B9EF /* libpng.a */; };
		0EE7E1D61089A19F0030B9EF /* libpng.a in Frameworks */ = {isa = PBXBuildFile; fileRef = 0EE7E170108995040030B9EF /* libpng.a */; };
		0EE7E1DB1089A24B0030B9EF /* libz.dylib in Frameworks */ = {isa = PBXBuildFile; fileRef = 0EE7E1DA1089A24B0030B9EF /* libz.dylib */; };
		0EE7E1DC1089A2550030B9EF /* libz.dylib in Frameworks */ = {isa = PBXBuildFile; fileRef = 0EE7E1DA1089A24B0030B9EF /* libz.dylib */; };
		0EE7E2321089A2C00030B9EF /* libharu.a in Frameworks */ = {isa = PBXBuildFile; fileRef = 0EE7E1D11089A1890030B9EF /* libharu.a */; };
		1D60589B0D05DD56006BFB54 /* main.m in Sources */ = {isa = PBXBuildFile; fileRef = 29B97316FDCFA39411CA2CEA /* main.m */; };
		1D60589F0D05DD5A006BFB54 /* Foundation.framework in Frameworks */ = {isa = PBXBuildFile; fileRef = 1D30AB110D05D00D00671497 /* Foundation.framework */; };
		1DF5F4E00D08C38300B7A737 /* UIKit.framework in Frameworks */ = {isa = PBXBuildFile; fileRef = 1DF5F4DF0D08C38300B7A737 /* UIKit.framework */; };
		288765FD0DF74451002DB57D /* CoreGraphics.framework in Frameworks */ = {isa = PBXBuildFile; fileRef = 288765FC0DF74451002DB57D /* CoreGraphics.framework */; };
		28AD733F0D9D9553002E5188 /* MainWindow.xib in Resources */ = {isa = PBXBuildFile; fileRef = 28AD733E0D9D9553002E5188 /* MainWindow.xib */; };
		B4AD224C13E9413F001386E3 /* config.h in Headers */ = {isa = PBXBuildFile; fileRef = B4AD223513E9413F001386E3 /* config.h */; };
		B4AD224D13E9413F001386E3 /* pngwutil.c in Sources */ = {isa = PBXBuildFile; fileRef = B4AD223613E9413F001386E3 /* pngwutil.c */; };
		B4AD224E13E9413F001386E3 /* pngwtran.c in Sources */ = {isa = PBXBuildFile; fileRef = B4AD223713E9413F001386E3 /* pngwtran.c */; };
		B4AD224F13E9413F001386E3 /* pngwrite.c in Sources */ = {isa = PBXBuildFile; fileRef = B4AD223813E9413F001386E3 /* pngwrite.c */; };
		B4AD225013E9413F001386E3 /* pngwio.c in Sources */ = {isa = PBXBuildFile; fileRef = B4AD223913E9413F001386E3 /* pngwio.c */; };
		B4AD225113E9413F001386E3 /* pngtrans.c in Sources */ = {isa = PBXBuildFile; fileRef = B4AD223A13E9413F001386E3 /* pngtrans.c */; };
		B4AD225213E9413F001386E3 /* pngstruct.h in Headers */ = {isa = PBXBuildFile; fileRef = B4AD223B13E9413F001386E3 /* pngstruct.h */; };
		B4AD225313E9413F001386E3 /* pngset.c in Sources */ = {isa = PBXBuildFile; fileRef = B4AD223C13E9413F001386E3 /* pngset.c */; };
		B4AD225413E9413F001386E3 /* pngrutil.c in Sources */ = {isa = PBXBuildFile; fileRef = B4AD223D13E9413F001386E3 /* pngrutil.c */; };
		B4AD225513E9413F001386E3 /* pngrtran.c in Sources */ = {isa = PBXBuildFile; fileRef = B4AD223E13E9413F001386E3 /* pngrtran.c */; };
		B4AD225613E9413F001386E3 /* pngrio.c in Sources */ = {isa = PBXBuildFile; fileRef = B4AD223F13E9413F001386E3 /* pngrio.c */; };
		B4AD225713E9413F001386E3 /* pngread.c in Sources */ = {isa = PBXBuildFile; fileRef = B4AD224013E9413F001386E3 /* pngread.c */; };
		B4AD225813E9413F001386E3 /* pngpriv.h in Headers */ = {isa = PBXBuildFile; fileRef = B4AD224113E9413F001386E3 /* pngpriv.h */; };
		B4AD225913E9413F001386E3 /* pngpread.c in Sources */ = {isa = PBXBuildFile; fileRef = B4AD224213E9413F001386E3 /* pngpread.c */; };
		B4AD225A13E9413F001386E3 /* pngmem.c in Sources */ = {isa = PBXBuildFile; fileRef = B4AD224313E9413F001386E3 /* pngmem.c */; };
		B4AD225B13E9413F001386E3 /* pnginfo.h in Headers */ = {isa = PBXBuildFile; fileRef = B4AD224413E9413F001386E3 /* pnginfo.h */; };
		B4AD225C13E9413F001386E3 /* pngget.c in Sources */ = {isa = PBXBuildFile; fileRef = B4AD224513E9413F001386E3 /* pngget.c */; };
		B4AD225D13E9413F001386E3 /* pngerror.c in Sources */ = {isa = PBXBuildFile; fileRef = B4AD224613E9413F001386E3 /* pngerror.c */; };
		B4AD225E13E9413F001386E3 /* pngdebug.h in Headers */ = {isa = PBXBuildFile; fileRef = B4AD224713E9413F001386E3 /* pngdebug.h */; };
		B4AD225F13E9413F001386E3 /* pngconf.h in Headers */ = {isa = PBXBuildFile; fileRef = B4AD224813E9413F001386E3 /* pngconf.h */; };
		B4AD226013E9413F001386E3 /* png.h in Headers */ = {isa = PBXBuildFile; fileRef = B4AD224913E9413F001386E3 /* png.h */; };
		B4AD226113E9413F001386E3 /* png.c in Sources */ = {isa = PBXBuildFile; fileRef = B4AD224A13E9413F001386E3 /* png.c */; };
		B4AD226213E9413F001386E3 /* pnglibconf.h in Headers */ = {isa = PBXBuildFile; fileRef = B4AD224B13E9413F001386E3 /* pnglibconf.h */; };
		B4AD226313E9413F001386E3 /* pngwutil.c in Sources */ = {isa = PBXBuildFile; fileRef = B4AD223613E9413F001386E3 /* pngwutil.c */; };
		B4AD226413E9413F001386E3 /* pngwtran.c in Sources */ = {isa = PBXBuildFile; fileRef = B4AD223713E9413F001386E3 /* pngwtran.c */; };
		B4AD226513E9413F001386E3 /* pngwrite.c in Sources */ = {isa = PBXBuildFile; fileRef = B4AD223813E9413F001386E3 /* pngwrite.c */; };
		B4AD226613E9413F001386E3 /* pngwio.c in Sources */ = {isa = PBXBuildFile; fileRef = B4AD223913E9413F001386E3 /* pngwio.c */; };
		B4AD226713E9413F001386E3 /* pngtrans.c in Sources */ = {isa = PBXBuildFile; fileRef = B4AD223A13E9413F001386E3 /* pngtrans.c */; };
		B4AD226813E9413F001386E3 /* pngset.c in Sources */ = {isa = PBXBuildFile; fileRef = B4AD223C13E9413F001386E3 /* pngset.c */; };
		B4AD226913E9413F001386E3 /* pngrutil.c in Sources */ = {isa = PBXBuildFile; fileRef = B4AD223D13E9413F001386E3 /* pngrutil.c */; };
		B4AD226A13E9413F001386E3 /* pngrtran.c in Sources */ = {isa = PBXBuildFile; fileRef = B4AD223E13E9413F001386E3 /* pngrtran.c */; };
		B4AD226B13E9413F001386E3 /* pngrio.c in Sources */ = {isa = PBXBuildFile; fileRef = B4AD223F13E9413F001386E3 /* pngrio.c */; };
		B4AD226C13E9413F001386E3 /* pngread.c in Sources */ = {isa = PBXBuildFile; fileRef = B4AD224013E9413F001386E3 /* pngread.c */; };
		B4AD226D13E9413F001386E3 /* pngpread.c in Sources */ = {isa = PBXBuildFile; fileRef = B4AD224213E9413F001386E3 /* pngpread.c */; };
		B4AD226E13E9413F001386E3 /* pngmem.c in Sources */ = {isa = PBXBuildFile; fileRef = B4AD224313E9413F001386E3 /* pngmem.c */; };
		B4AD226F13E9413F001386E3 /* pngget.c in Sources */ = {isa = PBXBuildFile; fileRef = B4AD224513E9413F001386E3 /* pngget.c */; };
		B4AD227013E9413F001386E3 /* pngerror.c in Sources */ = {isa = PBXBuildFile; fileRef = B4AD224613E9413F001386E3 /* pngerror.c */; };
		B4AD227113E9413F001386E3 /* png.c in Sources */ = {isa = PBXBuildFile; fileRef = B4AD224A13E9413F001386E3 /* png.c */; };
		B4AD227213E9413F001386E3 /* config.h in Headers */ = {isa = PBXBuildFile; fileRef = B4AD223513E9413F001386E3 /* config.h */; };
		B4AD227313E9413F001386E3 /* pngwutil.c in Sources */ = {isa = PBXBuildFile; fileRef = B4AD223613E9413F001386E3 /* pngwutil.c */; };
		B4AD227413E9413F001386E3 /* pngwtran.c in Sources */ = {isa = PBXBuildFile; fileRef = B4AD223713E9413F001386E3 /* pngwtran.c */; };
		B4AD227513E9413F001386E3 /* pngwrite.c in Sources */ = {isa = PBXBuildFile; fileRef = B4AD223813E9413F001386E3 /* pngwrite.c */; };
		B4AD227613E9413F001386E3 /* pngwio.c in Sources */ = {isa = PBXBuildFile; fileRef = B4AD223913E9413F001386E3 /* pngwio.c */; };
		B4AD227713E9413F001386E3 /* pngtrans.c in Sources */ = {isa = PBXBuildFile; fileRef = B4AD223A13E9413F001386E3 /* pngtrans.c */; };
		B4AD227813E9413F001386E3 /* pngstruct.h in Headers */ = {isa = PBXBuildFile; fileRef = B4AD223B13E9413F001386E3 /* pngstruct.h */; };
		B4AD227913E9413F001386E3 /* pngset.c in Sources */ = {isa = PBXBuildFile; fileRef = B4AD223C13E9413F001386E3 /* pngset.c */; };
		B4AD227A13E9413F001386E3 /* pngrutil.c in Sources */ = {isa = PBXBuildFile; fileRef = B4AD223D13E9413F001386E3 /* pngrutil.c */; };
		B4AD227B13E9413F001386E3 /* pngrtran.c in Sources */ = {isa = PBXBuildFile; fileRef = B4AD223E13E9413F001386E3 /* pngrtran.c */; };
		B4AD227C13E9413F001386E3 /* pngrio.c in Sources */ = {isa = PBXBuildFile; fileRef = B4AD223F13E9413F001386E3 /* pngrio.c */; };
		B4AD227D13E9413F001386E3 /* pngread.c in Sources */ = {isa = PBXBuildFile; fileRef = B4AD224013E9413F001386E3 /* pngread.c */; };
		B4AD227E13E9413F001386E3 /* pngpriv.h in Headers */ = {isa = PBXBuildFile; fileRef = B4AD224113E9413F001386E3 /* pngpriv.h */; };
		B4AD227F13E9413F001386E3 /* pngpread.c in Sources */ = {isa = PBXBuildFile; fileRef = B4AD224213E9413F001386E3 /* pngpread.c */; };
		B4AD228013E9413F001386E3 /* pngmem.c in Sources */ = {isa = PBXBuildFile; fileRef = B4AD224313E9413F001386E3 /* pngmem.c */; };
		B4AD228113E9413F001386E3 /* pnginfo.h in Headers */ = {isa = PBXBuildFile; fileRef = B4AD224413E9413F001386E3 /* pnginfo.h */; };
		B4AD228213E9413F001386E3 /* pngget.c in Sources */ = {isa = PBXBuildFile; fileRef = B4AD224513E9413F001386E3 /* pngget.c */; };
		B4AD228313E9413F001386E3 /* pngerror.c in Sources */ = {isa = PBXBuildFile; fileRef = B4AD224613E9413F001386E3 /* pngerror.c */; };
		B4AD228413E9413F001386E3 /* pngdebug.h in Headers */ = {isa = PBXBuildFile; fileRef = B4AD224713E9413F001386E3 /* pngdebug.h */; };
		B4AD228513E9413F001386E3 /* pngconf.h in Headers */ = {isa = PBXBuildFile; fileRef = B4AD224813E9413F001386E3 /* pngconf.h */; };
		B4AD228613E9413F001386E3 /* png.h in Headers */ = {isa = PBXBuildFile; fileRef = B4AD224913E9413F001386E3 /* png.h */; };
		B4AD228713E9413F001386E3 /* png.c in Sources */ = {isa = PBXBuildFile; fileRef = B4AD224A13E9413F001386E3 /* png.c */; };
		B4AD228813E9413F001386E3 /* pnglibconf.h in Headers */ = {isa = PBXBuildFile; fileRef = B4AD224B13E9413F001386E3 /* pnglibconf.h */; };
		B4AD22E513E94168001386E3 /* t4.h in Headers */ = {isa = PBXBuildFile; fileRef = B4AD228913E94168001386E3 /* t4.h */; };
		B4AD22E613E94168001386E3 /* hpdf_version.h in Headers */ = {isa = PBXBuildFile; fileRef = B4AD228A13E94168001386E3 /* hpdf_version.h */; };
		B4AD22E713E94168001386E3 /* hpdf_utils.c in Sources */ = {isa = PBXBuildFile; fileRef = B4AD228B13E94168001386E3 /* hpdf_utils.c */; };
		B4AD22E813E94168001386E3 /* hpdf_u3d.h in Headers */ = {isa = PBXBuildFile; fileRef = B4AD228C13E94168001386E3 /* hpdf_u3d.h */; };
		B4AD22E913E94168001386E3 /* hpdf_u3d.c in Sources */ = {isa = PBXBuildFile; fileRef = B4AD228D13E94168001386E3 /* hpdf_u3d.c */; };
		B4AD22EA13E94168001386E3 /* hpdf_types.h in Headers */ = {isa = PBXBuildFile; fileRef = B4AD228E13E94168001386E3 /* hpdf_types.h */; };
		B4AD22EB13E94168001386E3 /* hpdf_string.c in Sources */ = {isa = PBXBuildFile; fileRef = B4AD228F13E94168001386E3 /* hpdf_string.c */; };
		B4AD22EC13E94168001386E3 /* hpdf_streams.h in Headers */ = {isa = PBXBuildFile; fileRef = B4AD229013E94168001386E3 /* hpdf_streams.h */; };
		B4AD22ED13E94168001386E3 /* hpdf_streams.c in Sources */ = {isa = PBXBuildFile; fileRef = B4AD229113E94168001386E3 /* hpdf_streams.c */; };
		B4AD22EE13E94168001386E3 /* hpdf_pdfa.h in Headers */ = {isa = PBXBuildFile; fileRef = B4AD229213E94168001386E3 /* hpdf_pdfa.h */; };
		B4AD22EF13E94168001386E3 /* hpdf_pdfa.c in Sources */ = {isa = PBXBuildFile; fileRef = B4AD229313E94168001386E3 /* hpdf_pdfa.c */; };
		B4AD22F013E94168001386E3 /* hpdf_pages.c in Sources */ = {isa = PBXBuildFile; fileRef = B4AD229413E94168001386E3 /* hpdf_pages.c */; };
		B4AD22F113E94168001386E3 /* hpdf_page_operator.c in Sources */ = {isa = PBXBuildFile; fileRef = B4AD229513E94168001386E3 /* hpdf_page_operator.c */; };
		B4AD22F213E94168001386E3 /* hpdf_outline.c in Sources */ = {isa = PBXBuildFile; fileRef = B4AD229613E94168001386E3 /* hpdf_outline.c */; };
		B4AD22F313E94168001386E3 /* hpdf_objects.h in Headers */ = {isa = PBXBuildFile; fileRef = B4AD229713E94168001386E3 /* hpdf_objects.h */; };
		B4AD22F413E94168001386E3 /* hpdf_namedict.c in Sources */ = {isa = PBXBuildFile; fileRef = B4AD229813E94168001386E3 /* hpdf_namedict.c */; };
		B4AD22F513E94168001386E3 /* hpdf_info.c in Sources */ = {isa = PBXBuildFile; fileRef = B4AD229913E94168001386E3 /* hpdf_info.c */; };
		B4AD22F613E94168001386E3 /* hpdf_image.h in Headers */ = {isa = PBXBuildFile; fileRef = B4AD229A13E94168001386E3 /* hpdf_image.h */; };
		B4AD22F713E94168001386E3 /* hpdf_image.c in Sources */ = {isa = PBXBuildFile; fileRef = B4AD229B13E94168001386E3 /* hpdf_image.c */; };
		B4AD22F813E94168001386E3 /* hpdf_image_png.c in Sources */ = {isa = PBXBuildFile; fileRef = B4AD229C13E94168001386E3 /* hpdf_image_png.c */; };
		B4AD22F913E94168001386E3 /* hpdf_image_ccitt.c in Sources */ = {isa = PBXBuildFile; fileRef = B4AD229D13E94168001386E3 /* hpdf_image_ccitt.c */; };
		B4AD22FA13E94168001386E3 /* hpdf_fontdef_type1.c in Sources */ = {isa = PBXBuildFile; fileRef = B4AD229E13E94168001386E3 /* hpdf_fontdef_type1.c */; };
		B4AD22FB13E94168001386E3 /* hpdf_fontdef_tt.c in Sources */ = {isa = PBXBuildFile; fileRef = B4AD229F13E94168001386E3 /* hpdf_fontdef_tt.c */; };
		B4AD22FC13E94168001386E3 /* hpdf_font_tt.c in Sources */ = {isa = PBXBuildFile; fileRef = B4AD22A013E94168001386E3 /* hpdf_font_tt.c */; };
		B4AD22FD13E94168001386E3 /* hpdf_font_cid.c in Sources */ = {isa = PBXBuildFile; fileRef = B4AD22A113E94168001386E3 /* hpdf_font_cid.c */; };
		B4AD22FE13E94168001386E3 /* hpdf_ext_gstate.c in Sources */ = {isa = PBXBuildFile; fileRef = B4AD22A213E94168001386E3 /* hpdf_ext_gstate.c */; };
		B4AD22FF13E94168001386E3 /* hpdf_exdata.h in Headers */ = {isa = PBXBuildFile; fileRef = B4AD22A313E94168001386E3 /* hpdf_exdata.h */; };
		B4AD230013E94168001386E3 /* hpdf_exdata.c in Sources */ = {isa = PBXBuildFile; fileRef = B4AD22A413E94168001386E3 /* hpdf_exdata.c */; };
		B4AD230113E94168001386E3 /* hpdf_encryptdict.c in Sources */ = {isa = PBXBuildFile; fileRef = B4AD22A513E94168001386E3 /* hpdf_encryptdict.c */; };
		B4AD230213E94168001386E3 /* hpdf_encrypt.c in Sources */ = {isa = PBXBuildFile; fileRef = B4AD22A613E94168001386E3 /* hpdf_encrypt.c */; };
		B4AD230313E94168001386E3 /* hpdf_encoder_utf.c in Sources */ = {isa = PBXBuildFile; fileRef = B4AD22A713E94168001386E3 /* hpdf_encoder_utf.c */; };
		B4AD230413E94168001386E3 /* hpdf_encoder_kr.c in Sources */ = {isa = PBXBuildFile; fileRef = B4AD22A813E94168001386E3 /* hpdf_encoder_kr.c */; };
		B4AD230513E94168001386E3 /* hpdf_encoder_jp.c in Sources */ = {isa = PBXBuildFile; fileRef = B4AD22A913E94168001386E3 /* hpdf_encoder_jp.c */; };
		B4AD230613E94168001386E3 /* hpdf_encoder_cnt.c in Sources */ = {isa = PBXBuildFile; fileRef = B4AD22AA13E94168001386E3 /* hpdf_encoder_cnt.c */; };
		B4AD230713E94168001386E3 /* hpdf_encoder_cns.c in Sources */ = {isa = PBXBuildFile; fileRef = B4AD22AB13E94168001386E3 /* hpdf_encoder_cns.c */; };
		B4AD230813E94168001386E3 /* hpdf.h in Headers */ = {isa = PBXBuildFile; fileRef = B4AD22AC13E94168001386E3 /* hpdf.h */; };
		B4AD230913E94168001386E3 /* hpdf_encoder.c in Sources */ = {isa = PBXBuildFile; fileRef = B4AD22AD13E94168001386E3 /* hpdf_encoder.c */; };
		B4AD230A13E94168001386E3 /* hpdf_doc.c in Sources */ = {isa = PBXBuildFile; fileRef = B4AD22AE13E94168001386E3 /* hpdf_doc.c */; };
		B4AD230B13E94168001386E3 /* hpdf_doc_png.c in Sources */ = {isa = PBXBuildFile; fileRef = B4AD22AF13E94168001386E3 /* hpdf_doc_png.c */; };
		B4AD230C13E94168001386E3 /* hpdf_dict.c in Sources */ = {isa = PBXBuildFile; fileRef = B4AD22B013E94168001386E3 /* hpdf_dict.c */; };
		B4AD230D13E94168001386E3 /* hpdf_destination.c in Sources */ = {isa = PBXBuildFile; fileRef = B4AD22B113E94168001386E3 /* hpdf_destination.c */; };
		B4AD230E13E94168001386E3 /* hpdf_conf.h in Headers */ = {isa = PBXBuildFile; fileRef = B4AD22B213E94168001386E3 /* hpdf_conf.h */; };
		B4AD230F13E94168001386E3 /* hpdf_catalog.c in Sources */ = {isa = PBXBuildFile; fileRef = B4AD22B313E94168001386E3 /* hpdf_catalog.c */; };
		B4AD231013E94168001386E3 /* hpdf_annotation.h in Headers */ = {isa = PBXBuildFile; fileRef = B4AD22B413E94168001386E3 /* hpdf_annotation.h */; };
		B4AD231113E94168001386E3 /* hpdf_annotation.c in Sources */ = {isa = PBXBuildFile; fileRef = B4AD22B513E94168001386E3 /* hpdf_annotation.c */; };
		B4AD231213E94168001386E3 /* hpdf_3dmeasure.h in Headers */ = {isa = PBXBuildFile; fileRef = B4AD22B613E94168001386E3 /* hpdf_3dmeasure.h */; };
		B4AD231313E94168001386E3 /* hpdf_3dmeasure.c in Sources */ = {isa = PBXBuildFile; fileRef = B4AD22B713E94168001386E3 /* hpdf_3dmeasure.c */; };
		B4AD231413E94168001386E3 /* hpdf_xref.c in Sources */ = {isa = PBXBuildFile; fileRef = B4AD22B813E94168001386E3 /* hpdf_xref.c */; };
		B4AD231513E94168001386E3 /* hpdf_utils.h in Headers */ = {isa = PBXBuildFile; fileRef = B4AD22B913E94168001386E3 /* hpdf_utils.h */; };
		B4AD231613E94168001386E3 /* hpdf_real.c in Sources */ = {isa = PBXBuildFile; fileRef = B4AD22BA13E94168001386E3 /* hpdf_real.c */; };
		B4AD231713E94168001386E3 /* hpdf_pages.h in Headers */ = {isa = PBXBuildFile; fileRef = B4AD22BB13E94168001386E3 /* hpdf_pages.h */; };
		B4AD231813E94168001386E3 /* hpdf_page_label.h in Headers */ = {isa = PBXBuildFile; fileRef = B4AD22BC13E94168001386E3 /* hpdf_page_label.h */; };
		B4AD231913E94168001386E3 /* hpdf_page_label.c in Sources */ = {isa = PBXBuildFile; fileRef = B4AD22BD13E94168001386E3 /* hpdf_page_label.c */; };
		B4AD231A13E94168001386E3 /* hpdf_outline.h in Headers */ = {isa = PBXBuildFile; fileRef = B4AD22BE13E94168001386E3 /* hpdf_outline.h */; };
		B4AD231B13E94168001386E3 /* hpdf_objects.c in Sources */ = {isa = PBXBuildFile; fileRef = B4AD22BF13E94168001386E3 /* hpdf_objects.c */; };
		B4AD231C13E94168001386E3 /* hpdf_number.c in Sources */ = {isa = PBXBuildFile; fileRef = B4AD22C013E94168001386E3 /* hpdf_number.c */; };
		B4AD231D13E94168001386E3 /* hpdf_null.c in Sources */ = {isa = PBXBuildFile; fileRef = B4AD22C113E94168001386E3 /* hpdf_null.c */; };
		B4AD231E13E94168001386E3 /* hpdf_namedict.h in Headers */ = {isa = PBXBuildFile; fileRef = B4AD22C213E94168001386E3 /* hpdf_namedict.h */; };
		B4AD231F13E94168001386E3 /* hpdf_name.c in Sources */ = {isa = PBXBuildFile; fileRef = B4AD22C313E94168001386E3 /* hpdf_name.c */; };
		B4AD232013E94168001386E3 /* hpdf_mmgr.h in Headers */ = {isa = PBXBuildFile; fileRef = B4AD22C413E94168001386E3 /* hpdf_mmgr.h */; };
		B4AD232113E94168001386E3 /* hpdf_mmgr.c in Sources */ = {isa = PBXBuildFile; fileRef = B4AD22C513E94168001386E3 /* hpdf_mmgr.c */; };
		B4AD232213E94168001386E3 /* hpdf_list.h in Headers */ = {isa = PBXBuildFile; fileRef = B4AD22C613E94168001386E3 /* hpdf_list.h */; };
		B4AD232313E94168001386E3 /* hpdf_list.c in Sources */ = {isa = PBXBuildFile; fileRef = B4AD22C713E94168001386E3 /* hpdf_list.c */; };
		B4AD232413E94168001386E3 /* hpdf_info.h in Headers */ = {isa = PBXBuildFile; fileRef = B4AD22C813E94168001386E3 /* hpdf_info.h */; };
		B4AD232513E94168001386E3 /* hpdf_gstate.h in Headers */ = {isa = PBXBuildFile; fileRef = B4AD22CA13E94168001386E3 /* hpdf_gstate.h */; };
		B4AD232613E94168001386E3 /* hpdf_gstate.c in Sources */ = {isa = PBXBuildFile; fileRef = B4AD22CB13E94168001386E3 /* hpdf_gstate.c */; };
		B4AD232713E94168001386E3 /* hpdf_fontdef.h in Headers */ = {isa = PBXBuildFile; fileRef = B4AD22CC13E94168001386E3 /* hpdf_fontdef.h */; };
		B4AD232813E94168001386E3 /* hpdf_fontdef.c in Sources */ = {isa = PBXBuildFile; fileRef = B4AD22CD13E94168001386E3 /* hpdf_fontdef.c */; };
		B4AD232913E94168001386E3 /* hpdf_fontdef_kr.c in Sources */ = {isa = PBXBuildFile; fileRef = B4AD22CE13E94168001386E3 /* hpdf_fontdef_kr.c */; };
		B4AD232A13E94168001386E3 /* hpdf_fontdef_jp.c in Sources */ = {isa = PBXBuildFile; fileRef = B4AD22CF13E94168001386E3 /* hpdf_fontdef_jp.c */; };
		B4AD232B13E94168001386E3 /* hpdf_fontdef_cnt.c in Sources */ = {isa = PBXBuildFile; fileRef = B4AD22D013E94168001386E3 /* hpdf_fontdef_cnt.c */; };
		B4AD232C13E94168001386E3 /* hpdf_fontdef_cns.c in Sources */ = {isa = PBXBuildFile; fileRef = B4AD22D113E94168001386E3 /* hpdf_fontdef_cns.c */; };
		B4AD232D13E94168001386E3 /* hpdf_fontdef_cid.c in Sources */ = {isa = PBXBuildFile; fileRef = B4AD22D213E94168001386E3 /* hpdf_fontdef_cid.c */; };
		B4AD232E13E94168001386E3 /* hpdf_fontdef_base14.c in Sources */ = {isa = PBXBuildFile; fileRef = B4AD22D313E94168001386E3 /* hpdf_fontdef_base14.c */; };
		B4AD232F13E94168001386E3 /* hpdf_font.h in Headers */ = {isa = PBXBuildFile; fileRef = B4AD22D413E94168001386E3 /* hpdf_font.h */; };
		B4AD233013E94168001386E3 /* hpdf_font.c in Sources */ = {isa = PBXBuildFile; fileRef = B4AD22D513E94168001386E3 /* hpdf_font.c */; };
		B4AD233113E94168001386E3 /* hpdf_font_type1.c in Sources */ = {isa = PBXBuildFile; fileRef = B4AD22D613E94168001386E3 /* hpdf_font_type1.c */; };
		B4AD233213E94168001386E3 /* hpdf_ext_gstate.h in Headers */ = {isa = PBXBuildFile; fileRef = B4AD22D713E94168001386E3 /* hpdf_ext_gstate.h */; };
		B4AD233313E94168001386E3 /* hpdf_error.h in Headers */ = {isa = PBXBuildFile; fileRef = B4AD22D813E94168001386E3 /* hpdf_error.h */; };
		B4AD233413E94168001386E3 /* hpdf_error.c in Sources */ = {isa = PBXBuildFile; fileRef = B4AD22D913E94168001386E3 /* hpdf_error.c */; };
		B4AD233513E94168001386E3 /* hpdf_encryptdict.h in Headers */ = {isa = PBXBuildFile; fileRef = B4AD22DA13E94168001386E3 /* hpdf_encryptdict.h */; };
		B4AD233613E94168001386E3 /* hpdf_encrypt.h in Headers */ = {isa = PBXBuildFile; fileRef = B4AD22DB13E94168001386E3 /* hpdf_encrypt.h */; };
		B4AD233713E94168001386E3 /* hpdf_encoder.h in Headers */ = {isa = PBXBuildFile; fileRef = B4AD22DC13E94168001386E3 /* hpdf_encoder.h */; };
		B4AD233813E94168001386E3 /* hpdf_doc.h in Headers */ = {isa = PBXBuildFile; fileRef = B4AD22DD13E94168001386E3 /* hpdf_doc.h */; };
		B4AD233913E94168001386E3 /* hpdf_destination.h in Headers */ = {isa = PBXBuildFile; fileRef = B4AD22DE13E94168001386E3 /* hpdf_destination.h */; };
		B4AD233A13E94168001386E3 /* hpdf_consts.h in Headers */ = {isa = PBXBuildFile; fileRef = B4AD22DF13E94168001386E3 /* hpdf_consts.h */; };
		B4AD233B13E94168001386E3 /* hpdf_config.h in Headers */ = {isa = PBXBuildFile; fileRef = B4AD22E013E94168001386E3 /* hpdf_config.h */; };
		B4AD233C13E94168001386E3 /* hpdf_catalog.h in Headers */ = {isa = PBXBuildFile; fileRef = B4AD22E113E94168001386E3 /* hpdf_catalog.h */; };
		B4AD233D13E94168001386E3 /* hpdf_boolean.c in Sources */ = {isa = PBXBuildFile; fileRef = B4AD22E213E94168001386E3 /* hpdf_boolean.c */; };
		B4AD233E13E94168001386E3 /* hpdf_binary.c in Sources */ = {isa = PBXBuildFile; fileRef = B4AD22E313E94168001386E3 /* hpdf_binary.c */; };
		B4AD233F13E94168001386E3 /* hpdf_array.c in Sources */ = {isa = PBXBuildFile; fileRef = B4AD22E413E94168001386E3 /* hpdf_array.c */; };
		B4AD234013E94168001386E3 /* hpdf_utils.c in Sources */ = {isa = PBXBuildFile; fileRef = B4AD228B13E94168001386E3 /* hpdf_utils.c */; };
		B4AD234113E94168001386E3 /* hpdf_u3d.c in Sources */ = {isa = PBXBuildFile; fileRef = B4AD228D13E94168001386E3 /* hpdf_u3d.c */; };
		B4AD234213E94168001386E3 /* hpdf_string.c in Sources */ = {isa = PBXBuildFile; fileRef = B4AD228F13E94168001386E3 /* hpdf_string.c */; };
		B4AD234313E94168001386E3 /* hpdf_streams.c in Sources */ = {isa = PBXBuildFile; fileRef = B4AD229113E94168001386E3 /* hpdf_streams.c */; };
		B4AD234413E94168001386E3 /* hpdf_pdfa.c in Sources */ = {isa = PBXBuildFile; fileRef = B4AD229313E94168001386E3 /* hpdf_pdfa.c */; };
		B4AD234513E94168001386E3 /* hpdf_pages.c in Sources */ = {isa = PBXBuildFile; fileRef = B4AD229413E94168001386E3 /* hpdf_pages.c */; };
		B4AD234613E94168001386E3 /* hpdf_page_operator.c in Sources */ = {isa = PBXBuildFile; fileRef = B4AD229513E94168001386E3 /* hpdf_page_operator.c */; };
		B4AD234713E94168001386E3 /* hpdf_outline.c in Sources */ = {isa = PBXBuildFile; fileRef = B4AD229613E94168001386E3 /* hpdf_outline.c */; };
		B4AD234813E94168001386E3 /* hpdf_namedict.c in Sources */ = {isa = PBXBuildFile; fileRef = B4AD229813E94168001386E3 /* hpdf_namedict.c */; };
		B4AD234913E94168001386E3 /* hpdf_info.c in Sources */ = {isa = PBXBuildFile; fileRef = B4AD229913E94168001386E3 /* hpdf_info.c */; };
		B4AD234A13E94168001386E3 /* hpdf_image.c in Sources */ = {isa = PBXBuildFile; fileRef = B4AD229B13E94168001386E3 /* hpdf_image.c */; };
		B4AD234B13E94168001386E3 /* hpdf_image_png.c in Sources */ = {isa = PBXBuildFile; fileRef = B4AD229C13E94168001386E3 /* hpdf_image_png.c */; };
		B4AD234C13E94168001386E3 /* hpdf_image_ccitt.c in Sources */ = {isa = PBXBuildFile; fileRef = B4AD229D13E94168001386E3 /* hpdf_image_ccitt.c */; };
		B4AD234D13E94168001386E3 /* hpdf_fontdef_type1.c in Sources */ = {isa = PBXBuildFile; fileRef = B4AD229E13E94168001386E3 /* hpdf_fontdef_type1.c */; };
		B4AD234E13E94168001386E3 /* hpdf_fontdef_tt.c in Sources */ = {isa = PBXBuildFile; fileRef = B4AD229F13E94168001386E3 /* hpdf_fontdef_tt.c */; };
		B4AD234F13E94168001386E3 /* hpdf_font_tt.c in Sources */ = {isa = PBXBuildFile; fileRef = B4AD22A013E94168001386E3 /* hpdf_font_tt.c */; };
		B4AD235013E94168001386E3 /* hpdf_font_cid.c in Sources */ = {isa = PBXBuildFile; fileRef = B4AD22A113E94168001386E3 /* hpdf_font_cid.c */; };
		B4AD235113E94168001386E3 /* hpdf_ext_gstate.c in Sources */ = {isa = PBXBuildFile; fileRef = B4AD22A213E94168001386E3 /* hpdf_ext_gstate.c */; };
		B4AD235213E94168001386E3 /* hpdf_exdata.c in Sources */ = {isa = PBXBuildFile; fileRef = B4AD22A413E94168001386E3 /* hpdf_exdata.c */; };
		B4AD235313E94168001386E3 /* hpdf_encryptdict.c in Sources */ = {isa = PBXBuildFile; fileRef = B4AD22A513E94168001386E3 /* hpdf_encryptdict.c */; };
		B4AD235413E94168001386E3 /* hpdf_encrypt.c in Sources */ = {isa = PBXBuildFile; fileRef = B4AD22A613E94168001386E3 /* hpdf_encrypt.c */; };
		B4AD235513E94168001386E3 /* hpdf_encoder_utf.c in Sources */ = {isa = PBXBuildFile; fileRef = B4AD22A713E94168001386E3 /* hpdf_encoder_utf.c */; };
		B4AD235613E94168001386E3 /* hpdf_encoder_kr.c in Sources */ = {isa = PBXBuildFile; fileRef = B4AD22A813E94168001386E3 /* hpdf_encoder_kr.c */; };
		B4AD235713E94168001386E3 /* hpdf_encoder_jp.c in Sources */ = {isa = PBXBuildFile; fileRef = B4AD22A913E94168001386E3 /* hpdf_encoder_jp.c */; };
		B4AD235813E94168001386E3 /* hpdf_encoder_cnt.c in Sources */ = {isa = PBXBuildFile; fileRef = B4AD22AA13E94168001386E3 /* hpdf_encoder_cnt.c */; };
		B4AD235913E94168001386E3 /* hpdf_encoder_cns.c in Sources */ = {isa = PBXBuildFile; fileRef = B4AD22AB13E94168001386E3 /* hpdf_encoder_cns.c */; };
		B4AD235A13E94168001386E3 /* hpdf_encoder.c in Sources */ = {isa = PBXBuildFile; fileRef = B4AD22AD13E94168001386E3 /* hpdf_encoder.c */; };
		B4AD235B13E94168001386E3 /* hpdf_doc.c in Sources */ = {isa = PBXBuildFile; fileRef = B4AD22AE13E94168001386E3 /* hpdf_doc.c */; };
		B4AD235C13E94168001386E3 /* hpdf_doc_png.c in Sources */ = {isa = PBXBuildFile; fileRef = B4AD22AF13E94168001386E3 /* hpdf_doc_png.c */; };
		B4AD235D13E94168001386E3 /* hpdf_dict.c in Sources */ = {isa = PBXBuildFile; fileRef = B4AD22B013E94168001386E3 /* hpdf_dict.c */; };
		B4AD235E13E94168001386E3 /* hpdf_destination.c in Sources */ = {isa = PBXBuildFile; fileRef = B4AD22B113E94168001386E3 /* hpdf_destination.c */; };
		B4AD235F13E94168001386E3 /* hpdf_catalog.c in Sources */ = {isa = PBXBuildFile; fileRef = B4AD22B313E94168001386E3 /* hpdf_catalog.c */; };
		B4AD236013E94168001386E3 /* hpdf_annotation.c in Sources */ = {isa = PBXBuildFile; fileRef = B4AD22B513E94168001386E3 /* hpdf_annotation.c */; };
		B4AD236113E94168001386E3 /* hpdf_3dmeasure.c in Sources */ = {isa = PBXBuildFile; fileRef = B4AD22B713E94168001386E3 /* hpdf_3dmeasure.c */; };
		B4AD236213E94168001386E3 /* hpdf_xref.c in Sources */ = {isa = PBXBuildFile; fileRef = B4AD22B813E94168001386E3 /* hpdf_xref.c */; };
		B4AD236313E94168001386E3 /* hpdf_real.c in Sources */ = {isa = PBXBuildFile; fileRef = B4AD22BA13E94168001386E3 /* hpdf_real.c */; };
		B4AD236413E94168001386E3 /* hpdf_page_label.c in Sources */ = {isa = PBXBuildFile; fileRef = B4AD22BD13E94168001386E3 /* hpdf_page_label.c */; };
		B4AD236513E94168001386E3 /* hpdf_objects.c in Sources */ = {isa = PBXBuildFile; fileRef = B4AD22BF13E94168001386E3 /* hpdf_objects.c */; };
		B4AD236613E94168001386E3 /* hpdf_number.c in Sources */ = {isa = PBXBuildFile; fileRef = B4AD22C013E94168001386E3 /* hpdf_number.c */; };
		B4AD236713E94168001386E3 /* hpdf_null.c in Sources */ = {isa = PBXBuildFile; fileRef = B4AD22C113E94168001386E3 /* hpdf_null.c */; };
		B4AD236813E94168001386E3 /* hpdf_name.c in Sources */ = {isa = PBXBuildFile; fileRef = B4AD22C313E94168001386E3 /* hpdf_name.c */; };
		B4AD236913E94168001386E3 /* hpdf_mmgr.c in Sources */ = {isa = PBXBuildFile; fileRef = B4AD22C513E94168001386E3 /* hpdf_mmgr.c */; };
		B4AD236A13E94168001386E3 /* hpdf_list.c in Sources */ = {isa = PBXBuildFile; fileRef = B4AD22C713E94168001386E3 /* hpdf_list.c */; };
		B4AD236B13E94168001386E3 /* hpdf_image_png.c.orig in Resources */ = {isa = PBXBuildFile; fileRef = B4AD22C913E94168001386E3 /* hpdf_image_png.c.orig */; };
		B4AD236C13E94168001386E3 /* hpdf_gstate.c in Sources */ = {isa = PBXBuildFile; fileRef = B4AD22CB13E94168001386E3 /* hpdf_gstate.c */; };
		B4AD236D13E94168001386E3 /* hpdf_fontdef.c in Sources */ = {isa = PBXBuildFile; fileRef = B4AD22CD13E94168001386E3 /* hpdf_fontdef.c */; };
		B4AD236E13E94168001386E3 /* hpdf_fontdef_kr.c in Sources */ = {isa = PBXBuildFile; fileRef = B4AD22CE13E94168001386E3 /* hpdf_fontdef_kr.c */; };
		B4AD236F13E94168001386E3 /* hpdf_fontdef_jp.c in Sources */ = {isa = PBXBuildFile; fileRef = B4AD22CF13E94168001386E3 /* hpdf_fontdef_jp.c */; };
		B4AD237013E94168001386E3 /* hpdf_fontdef_cnt.c in Sources */ = {isa = PBXBuildFile; fileRef = B4AD22D013E94168001386E3 /* hpdf_fontdef_cnt.c */; };
		B4AD237113E94168001386E3 /* hpdf_fontdef_cns.c in Sources */ = {isa = PBXBuildFile; fileRef = B4AD22D113E94168001386E3 /* hpdf_fontdef_cns.c */; };
		B4AD237213E94168001386E3 /* hpdf_fontdef_cid.c in Sources */ = {isa = PBXBuildFile; fileRef = B4AD22D213E94168001386E3 /* hpdf_fontdef_cid.c */; };
		B4AD237313E94168001386E3 /* hpdf_fontdef_base14.c in Sources */ = {isa = PBXBuildFile; fileRef = B4AD22D313E94168001386E3 /* hpdf_fontdef_base14.c */; };
		B4AD237413E94168001386E3 /* hpdf_font.c in Sources */ = {isa = PBXBuildFile; fileRef = B4AD22D513E94168001386E3 /* hpdf_font.c */; };
		B4AD237513E94168001386E3 /* hpdf_font_type1.c in Sources */ = {isa = PBXBuildFile; fileRef = B4AD22D613E94168001386E3 /* hpdf_font_type1.c */; };
		B4AD237613E94168001386E3 /* hpdf_error.c in Sources */ = {isa = PBXBuildFile; fileRef = B4AD22D913E94168001386E3 /* hpdf_error.c */; };
		B4AD237713E94168001386E3 /* hpdf_boolean.c in Sources */ = {isa = PBXBuildFile; fileRef = B4AD22E213E94168001386E3 /* hpdf_boolean.c */; };
		B4AD237813E94168001386E3 /* hpdf_binary.c in Sources */ = {isa = PBXBuildFile; fileRef = B4AD22E313E94168001386E3 /* hpdf_binary.c */; };
		B4AD237913E94168001386E3 /* hpdf_array.c in Sources */ = {isa = PBXBuildFile; fileRef = B4AD22E413E94168001386E3 /* hpdf_array.c */; };
		B4AD242013E94C08001386E3 /* PDFView_iPad.xib in Resources */ = {isa = PBXBuildFile; fileRef = B4AD241F13E94C08001386E3 /* PDFView_iPad.xib */; };
/* End PBXBuildFile section */

/* Begin PBXContainerItemProxy section */
		0EE7E1D41089A1980030B9EF /* PBXContainerItemProxy */ = {
			isa = PBXContainerItemProxy;
			containerPortal = 29B97313FDCFA39411CA2CEA /* Project object */;
			proxyType = 1;
			remoteGlobalIDString = 0EE7E16F108995040030B9EF;
			remoteInfo = png;
		};
		0EE7E2301089A2BC0030B9EF /* PBXContainerItemProxy */ = {
			isa = PBXContainerItemProxy;
			containerPortal = 29B97313FDCFA39411CA2CEA /* Project object */;
			proxyType = 1;
			remoteGlobalIDString = 0EE7E1D01089A1890030B9EF;
			remoteInfo = haru;
		};
/* End PBXContainerItemProxy section */

/* Begin PBXFileReference section */
		0E23974B109D82F500601771 /* PDFAppDelegate.h */ = {isa = PBXFileReference; fileEncoding = 4; lastKnownFileType = sourcecode.c.h; path = PDFAppDelegate.h; sourceTree = "<group>"; };
		0E23974C109D82F500601771 /* PDFAppDelegate.m */ = {isa = PBXFileReference; fileEncoding = 4; lastKnownFileType = sourcecode.c.objc; path = PDFAppDelegate.m; sourceTree = "<group>"; };
		0E23974D109D82F500601771 /* PDFViewController.h */ = {isa = PBXFileReference; fileEncoding = 4; lastKnownFileType = sourcecode.c.h; path = PDFViewController.h; sourceTree = "<group>"; };
		0E23974E109D82F500601771 /* PDFViewController.m */ = {isa = PBXFileReference; fileEncoding = 4; lastKnownFileType = sourcecode.c.objc; path = PDFViewController.m; sourceTree = "<group>"; };
		0E239751109D830400601771 /* iPhonePDF_Prefix.pch */ = {isa = PBXFileReference; fileEncoding = 4; lastKnownFileType = sourcecode.c.h; path = iPhonePDF_Prefix.pch; sourceTree = "<group>"; };
		0E239802109D832A00601771 /* iPhonePDF-Info.plist */ = {isa = PBXFileReference; fileEncoding = 4; lastKnownFileType = text.plist.xml; path = "iPhonePDF-Info.plist"; sourceTree = "<group>"; };
		0E239806109D839A00601771 /* iPhonePDF.app */ = {isa = PBXFileReference; explicitFileType = wrapper.application; includeInIndex = 0; path = iPhonePDF.app; sourceTree = BUILT_PRODUCTS_DIR; };
		0E23984A109D885400601771 /* test.png */ = {isa = PBXFileReference; lastKnownFileType = image.png; path = test.png; sourceTree = "<group>"; };
		0E239891109D8CEB00601771 /* PDFView.xib */ = {isa = PBXFileReference; lastKnownFileType = file.xib; path = PDFView.xib; sourceTree = "<group>"; };
		0EE12098109360A7001190C3 /* PDFService.h */ = {isa = PBXFileReference; fileEncoding = 4; lastKnownFileType = sourcecode.c.h; path = PDFService.h; sourceTree = "<group>"; };
		0EE12099109360A7001190C3 /* PDFService.m */ = {isa = PBXFileReference; fileEncoding = 4; lastKnownFileType = sourcecode.c.objc; path = PDFService.m; sourceTree = "<group>"; };
		0EE7E170108995040030B9EF /* libpng.a */ = {isa = PBXFileReference; explicitFileType = archive.ar; includeInIndex = 0; path = libpng.a; sourceTree = BUILT_PRODUCTS_DIR; };
		0EE7E1D11089A1890030B9EF /* libharu.a */ = {isa = PBXFileReference; explicitFileType = archive.ar; includeInIndex = 0; path = libharu.a; sourceTree = BUILT_PRODUCTS_DIR; };
		0EE7E1DA1089A24B0030B9EF /* libz.dylib */ = {isa = PBXFileReference; lastKnownFileType = "compiled.mach-o.dylib"; name = libz.dylib; path = /usr/lib/libz.dylib; sourceTree = "<absolute>"; };
		1D30AB110D05D00D00671497 /* Foundation.framework */ = {isa = PBXFileReference; lastKnownFileType = wrapper.framework; name = Foundation.framework; path = System/Library/Frameworks/Foundation.framework; sourceTree = SDKROOT; };
		1DF5F4DF0D08C38300B7A737 /* UIKit.framework */ = {isa = PBXFileReference; lastKnownFileType = wrapper.framework; name = UIKit.framework; path = System/Library/Frameworks/UIKit.framework; sourceTree = SDKROOT; };
		288765FC0DF74451002DB57D /* CoreGraphics.framework */ = {isa = PBXFileReference; lastKnownFileType = wrapper.framework; name = CoreGraphics.framework; path = System/Library/Frameworks/CoreGraphics.framework; sourceTree = SDKROOT; };
		28AD733E0D9D9553002E5188 /* MainWindow.xib */ = {isa = PBXFileReference; lastKnownFileType = file.xib; path = MainWindow.xib; sourceTree = "<group>"; };
		29B97316FDCFA39411CA2CEA /* main.m */ = {isa = PBXFileReference; fileEncoding = 4; lastKnownFileType = sourcecode.c.objc; path = main.m; sourceTree = "<group>"; };
		B4AD223513E9413F001386E3 /* config.h */ = {isa = PBXFileReference; fileEncoding = 4; lastKnownFileType = sourcecode.c.h; name = config.h; path = Support/libpng/config.h; sourceTree = SOURCE_ROOT; };
		B4AD223613E9413F001386E3 /* pngwutil.c */ = {isa = PBXFileReference; fileEncoding = 4; lastKnownFileType = sourcecode.c.c; name = pngwutil.c; path = Support/libpng/pngwutil.c; sourceTree = SOURCE_ROOT; };
		B4AD223713E9413F001386E3 /* pngwtran.c */ = {isa = PBXFileReference; fileEncoding = 4; lastKnownFileType = sourcecode.c.c; name = pngwtran.c; path = Support/libpng/pngwtran.c; sourceTree = SOURCE_ROOT; };
		B4AD223813E9413F001386E3 /* pngwrite.c */ = {isa = PBXFileReference; fileEncoding = 4; lastKnownFileType = sourcecode.c.c; name = pngwrite.c; path = Support/libpng/pngwrite.c; sourceTree = SOURCE_ROOT; };
		B4AD223913E9413F001386E3 /* pngwio.c */ = {isa = PBXFileReference; fileEncoding = 4; lastKnownFileType = sourcecode.c.c; name = pngwio.c; path = Support/libpng/pngwio.c; sourceTree = SOURCE_ROOT; };
		B4AD223A13E9413F001386E3 /* pngtrans.c */ = {isa = PBXFileReference; fileEncoding = 4; lastKnownFileType = sourcecode.c.c; name = pngtrans.c; path = Support/libpng/pngtrans.c; sourceTree = SOURCE_ROOT; };
		B4AD223B13E9413F001386E3 /* pngstruct.h */ = {isa = PBXFileReference; fileEncoding = 4; lastKnownFileType = sourcecode.c.h; name = pngstruct.h; path = Support/libpng/pngstruct.h; sourceTree = SOURCE_ROOT; };
		B4AD223C13E9413F001386E3 /* pngset.c */ = {isa = PBXFileReference; fileEncoding = 4; lastKnownFileType = sourcecode.c.c; name = pngset.c; path = Support/libpng/pngset.c; sourceTree = SOURCE_ROOT; };
		B4AD223D13E9413F001386E3 /* pngrutil.c */ = {isa = PBXFileReference; fileEncoding = 4; lastKnownFileType = sourcecode.c.c; name = pngrutil.c; path = Support/libpng/pngrutil.c; sourceTree = SOURCE_ROOT; };
		B4AD223E13E9413F001386E3 /* pngrtran.c */ = {isa = PBXFileReference; fileEncoding = 4; lastKnownFileType = sourcecode.c.c; name = pngrtran.c; path = Support/libpng/pngrtran.c; sourceTree = SOURCE_ROOT; };
		B4AD223F13E9413F001386E3 /* pngrio.c */ = {isa = PBXFileReference; fileEncoding = 4; lastKnownFileType = sourcecode.c.c; name = pngrio.c; path = Support/libpng/pngrio.c; sourceTree = SOURCE_ROOT; };
		B4AD224013E9413F001386E3 /* pngread.c */ = {isa = PBXFileReference; fileEncoding = 4; lastKnownFileType = sourcecode.c.c; name = pngread.c; path = Support/libpng/pngread.c; sourceTree = SOURCE_ROOT; };
		B4AD224113E9413F001386E3 /* pngpriv.h */ = {isa = PBXFileReference; fileEncoding = 4; lastKnownFileType = sourcecode.c.h; name = pngpriv.h; path = Support/libpng/pngpriv.h; sourceTree = SOURCE_ROOT; };
		B4AD224213E9413F001386E3 /* pngpread.c */ = {isa = PBXFileReference; fileEncoding = 4; lastKnownFileType = sourcecode.c.c; name = pngpread.c; path = Support/libpng/pngpread.c; sourceTree = SOURCE_ROOT; };
		B4AD224313E9413F001386E3 /* pngmem.c */ = {isa = PBXFileReference; fileEncoding = 4; lastKnownFileType = sourcecode.c.c; name = pngmem.c; path = Support/libpng/pngmem.c; sourceTree = SOURCE_ROOT; };
		B4AD224413E9413F001386E3 /* pnginfo.h */ = {isa = PBXFileReference; fileEncoding = 4; lastKnownFileType = sourcecode.c.h; name = pnginfo.h; path = Support/libpng/pnginfo.h; sourceTree = SOURCE_ROOT; };
		B4AD224513E9413F001386E3 /* pngget.c */ = {isa = PBXFileReference; fileEncoding = 4; lastKnownFileType = sourcecode.c.c; name = pngget.c; path = Support/libpng/pngget.c; sourceTree = SOURCE_ROOT; };
		B4AD224613E9413F001386E3 /* pngerror.c */ = {isa = PBXFileReference; fileEncoding = 4; lastKnownFileType = sourcecode.c.c; name = pngerror.c; path = Support/libpng/pngerror.c; sourceTree = SOURCE_ROOT; };
		B4AD224713E9413F001386E3 /* pngdebug.h */ = {isa = PBXFileReference; fileEncoding = 4; lastKnownFileType = sourcecode.c.h; name = pngdebug.h; path = Support/libpng/pngdebug.h; sourceTree = SOURCE_ROOT; };
		B4AD224813E9413F001386E3 /* pngconf.h */ = {isa = PBXFileReference; fileEncoding = 4; lastKnownFileType = sourcecode.c.h; name = pngconf.h; path = Support/libpng/pngconf.h; sourceTree = SOURCE_ROOT; };
		B4AD224913E9413F001386E3 /* png.h */ = {isa = PBXFileReference; fileEncoding = 4; lastKnownFileType = sourcecode.c.h; name = png.h; path = Support/libpng/png.h; sourceTree = SOURCE_ROOT; };
		B4AD224A13E9413F001386E3 /* png.c */ = {isa = PBXFileReference; fileEncoding = 4; lastKnownFileType = sourcecode.c.c; name = png.c; path = Support/libpng/png.c; sourceTree = SOURCE_ROOT; };
		B4AD224B13E9413F001386E3 /* pnglibconf.h */ = {isa = PBXFileReference; fileEncoding = 4; lastKnownFileType = sourcecode.c.h; name = pnglibconf.h; path = Support/libpng/pnglibconf.h; sourceTree = SOURCE_ROOT; };
		B4AD228913E94168001386E3 /* t4.h */ = {isa = PBXFileReference; fileEncoding = 4; lastKnownFileType = sourcecode.c.h; name = t4.h; path = Support/libharu/t4.h; sourceTree = SOURCE_ROOT; };
		B4AD228A13E94168001386E3 /* hpdf_version.h */ = {isa = PBXFileReference; fileEncoding = 4; lastKnownFileType = sourcecode.c.h; name = hpdf_version.h; path = Support/libharu/hpdf_version.h; sourceTree = SOURCE_ROOT; };
		B4AD228B13E94168001386E3 /* hpdf_utils.c */ = {isa = PBXFileReference; fileEncoding = 4; lastKnownFileType = sourcecode.c.c; name = hpdf_utils.c; path = Support/libharu/hpdf_utils.c; sourceTree = SOURCE_ROOT; };
		B4AD228C13E94168001386E3 /* hpdf_u3d.h */ = {isa = PBXFileReference; fileEncoding = 4; lastKnownFileType = sourcecode.c.h; name = hpdf_u3d.h; path = Support/libharu/hpdf_u3d.h; sourceTree = SOURCE_ROOT; };
		B4AD228D13E94168001386E3 /* hpdf_u3d.c */ = {isa = PBXFileReference; fileEncoding = 4; lastKnownFileType = sourcecode.c.c; name = hpdf_u3d.c; path = Support/libharu/hpdf_u3d.c; sourceTree = SOURCE_ROOT; };
		B4AD228E13E94168001386E3 /* hpdf_types.h */ = {isa = PBXFileReference; fileEncoding = 4; lastKnownFileType = sourcecode.c.h; name = hpdf_types.h; path = Support/libharu/hpdf_types.h; sourceTree = SOURCE_ROOT; };
		B4AD228F13E94168001386E3 /* hpdf_string.c */ = {isa = PBXFileReference; fileEncoding = 4; lastKnownFileType = sourcecode.c.c; name = hpdf_string.c; path = Support/libharu/hpdf_string.c; sourceTree = SOURCE_ROOT; };
		B4AD229013E94168001386E3 /* hpdf_streams.h */ = {isa = PBXFileReference; fileEncoding = 4; lastKnownFileType = sourcecode.c.h; name = hpdf_streams.h; path = Support/libharu/hpdf_streams.h; sourceTree = SOURCE_ROOT; };
		B4AD229113E94168001386E3 /* hpdf_streams.c */ = {isa = PBXFileReference; fileEncoding = 4; lastKnownFileType = sourcecode.c.c; name = hpdf_streams.c; path = Support/libharu/hpdf_streams.c; sourceTree = SOURCE_ROOT; };
		B4AD229213E94168001386E3 /* hpdf_pdfa.h */ = {isa = PBXFileReference; fileEncoding = 4; lastKnownFileType = sourcecode.c.h; name = hpdf_pdfa.h; path = Support/libharu/hpdf_pdfa.h; sourceTree = SOURCE_ROOT; };
		B4AD229313E94168001386E3 /* hpdf_pdfa.c */ = {isa = PBXFileReference; fileEncoding = 4; lastKnownFileType = sourcecode.c.c; name = hpdf_pdfa.c; path = Support/libharu/hpdf_pdfa.c; sourceTree = SOURCE_ROOT; };
		B4AD229413E94168001386E3 /* hpdf_pages.c */ = {isa = PBXFileReference; fileEncoding = 4; lastKnownFileType = sourcecode.c.c; name = hpdf_pages.c; path = Support/libharu/hpdf_pages.c; sourceTree = SOURCE_ROOT; };
		B4AD229513E94168001386E3 /* hpdf_page_operator.c */ = {isa = PBXFileReference; fileEncoding = 4; lastKnownFileType = sourcecode.c.c; name = hpdf_page_operator.c; path = Support/libharu/hpdf_page_operator.c; sourceTree = SOURCE_ROOT; };
		B4AD229613E94168001386E3 /* hpdf_outline.c */ = {isa = PBXFileReference; fileEncoding = 4; lastKnownFileType = sourcecode.c.c; name = hpdf_outline.c; path = Support/libharu/hpdf_outline.c; sourceTree = SOURCE_ROOT; };
		B4AD229713E94168001386E3 /* hpdf_objects.h */ = {isa = PBXFileReference; fileEncoding = 4; lastKnownFileType = sourcecode.c.h; name = hpdf_objects.h; path = Support/libharu/hpdf_objects.h; sourceTree = SOURCE_ROOT; };
		B4AD229813E94168001386E3 /* hpdf_namedict.c */ = {isa = PBXFileReference; fileEncoding = 4; lastKnownFileType = sourcecode.c.c; name = hpdf_namedict.c; path = Support/libharu/hpdf_namedict.c; sourceTree = SOURCE_ROOT; };
		B4AD229913E94168001386E3 /* hpdf_info.c */ = {isa = PBXFileReference; fileEncoding = 4; lastKnownFileType = sourcecode.c.c; name = hpdf_info.c; path = Support/libharu/hpdf_info.c; sourceTree = SOURCE_ROOT; };
		B4AD229A13E94168001386E3 /* hpdf_image.h */ = {isa = PBXFileReference; fileEncoding = 4; lastKnownFileType = sourcecode.c.h; name = hpdf_image.h; path = Support/libharu/hpdf_image.h; sourceTree = SOURCE_ROOT; };
		B4AD229B13E94168001386E3 /* hpdf_image.c */ = {isa = PBXFileReference; fileEncoding = 4; lastKnownFileType = sourcecode.c.c; name = hpdf_image.c; path = Support/libharu/hpdf_image.c; sourceTree = SOURCE_ROOT; };
		B4AD229C13E94168001386E3 /* hpdf_image_png.c */ = {isa = PBXFileReference; fileEncoding = 4; lastKnownFileType = sourcecode.c.c; name = hpdf_image_png.c; path = Support/libharu/hpdf_image_png.c; sourceTree = SOURCE_ROOT; };
		B4AD229D13E94168001386E3 /* hpdf_image_ccitt.c */ = {isa = PBXFileReference; fileEncoding = 4; lastKnownFileType = sourcecode.c.c; name = hpdf_image_ccitt.c; path = Support/libharu/hpdf_image_ccitt.c; sourceTree = SOURCE_ROOT; };
		B4AD229E13E94168001386E3 /* hpdf_fontdef_type1.c */ = {isa = PBXFileReference; fileEncoding = 4; lastKnownFileType = sourcecode.c.c; name = hpdf_fontdef_type1.c; path = Support/libharu/hpdf_fontdef_type1.c; sourceTree = SOURCE_ROOT; };
		B4AD229F13E94168001386E3 /* hpdf_fontdef_tt.c */ = {isa = PBXFileReference; fileEncoding = 4; lastKnownFileType = sourcecode.c.c; name = hpdf_fontdef_tt.c; path = Support/libharu/hpdf_fontdef_tt.c; sourceTree = SOURCE_ROOT; };
		B4AD22A013E94168001386E3 /* hpdf_font_tt.c */ = {isa = PBXFileReference; fileEncoding = 4; lastKnownFileType = sourcecode.c.c; name = hpdf_font_tt.c; path = Support/libharu/hpdf_font_tt.c; sourceTree = SOURCE_ROOT; };
		B4AD22A113E94168001386E3 /* hpdf_font_cid.c */ = {isa = PBXFileReference; fileEncoding = 4; lastKnownFileType = sourcecode.c.c; name = hpdf_font_cid.c; path = Support/libharu/hpdf_font_cid.c; sourceTree = SOURCE_ROOT; };
		B4AD22A213E94168001386E3 /* hpdf_ext_gstate.c */ = {isa = PBXFileReference; fileEncoding = 4; lastKnownFileType = sourcecode.c.c; name = hpdf_ext_gstate.c; path = Support/libharu/hpdf_ext_gstate.c; sourceTree = SOURCE_ROOT; };
		B4AD22A313E94168001386E3 /* hpdf_exdata.h */ = {isa = PBXFileReference; fileEncoding = 4; lastKnownFileType = sourcecode.c.h; name = hpdf_exdata.h; path = Support/libharu/hpdf_exdata.h; sourceTree = SOURCE_ROOT; };
		B4AD22A413E94168001386E3 /* hpdf_exdata.c */ = {isa = PBXFileReference; fileEncoding = 4; lastKnownFileType = sourcecode.c.c; name = hpdf_exdata.c; path = Support/libharu/hpdf_exdata.c; sourceTree = SOURCE_ROOT; };
		B4AD22A513E94168001386E3 /* hpdf_encryptdict.c */ = {isa = PBXFileReference; fileEncoding = 4; lastKnownFileType = sourcecode.c.c; name = hpdf_encryptdict.c; path = Support/libharu/hpdf_encryptdict.c; sourceTree = SOURCE_ROOT; };
		B4AD22A613E94168001386E3 /* hpdf_encrypt.c */ = {isa = PBXFileReference; fileEncoding = 4; lastKnownFileType = sourcecode.c.c; name = hpdf_encrypt.c; path = Support/libharu/hpdf_encrypt.c; sourceTree = SOURCE_ROOT; };
		B4AD22A713E94168001386E3 /* hpdf_encoder_utf.c */ = {isa = PBXFileReference; fileEncoding = 4; lastKnownFileType = sourcecode.c.c; name = hpdf_encoder_utf.c; path = Support/libharu/hpdf_encoder_utf.c; sourceTree = SOURCE_ROOT; };
		B4AD22A813E94168001386E3 /* hpdf_encoder_kr.c */ = {isa = PBXFileReference; fileEncoding = 4; lastKnownFileType = sourcecode.c.c; name = hpdf_encoder_kr.c; path = Support/libharu/hpdf_encoder_kr.c; sourceTree = SOURCE_ROOT; };
		B4AD22A913E94168001386E3 /* hpdf_encoder_jp.c */ = {isa = PBXFileReference; fileEncoding = 4; lastKnownFileType = sourcecode.c.c; name = hpdf_encoder_jp.c; path = Support/libharu/hpdf_encoder_jp.c; sourceTree = SOURCE_ROOT; };
		B4AD22AA13E94168001386E3 /* hpdf_encoder_cnt.c */ = {isa = PBXFileReference; fileEncoding = 4; lastKnownFileType = sourcecode.c.c; name = hpdf_encoder_cnt.c; path = Support/libharu/hpdf_encoder_cnt.c; sourceTree = SOURCE_ROOT; };
		B4AD22AB13E94168001386E3 /* hpdf_encoder_cns.c */ = {isa = PBXFileReference; fileEncoding = 4; lastKnownFileType = sourcecode.c.c; name = hpdf_encoder_cns.c; path = Support/libharu/hpdf_encoder_cns.c; sourceTree = SOURCE_ROOT; };
		B4AD22AC13E94168001386E3 /* hpdf.h */ = {isa = PBXFileReference; fileEncoding = 4; lastKnownFileType = sourcecode.c.h; name = hpdf.h; path = Support/libharu/hpdf.h; sourceTree = SOURCE_ROOT; };
		B4AD22AD13E94168001386E3 /* hpdf_encoder.c */ = {isa = PBXFileReference; fileEncoding = 4; lastKnownFileType = sourcecode.c.c; name = hpdf_encoder.c; path = Support/libharu/hpdf_encoder.c; sourceTree = SOURCE_ROOT; };
		B4AD22AE13E94168001386E3 /* hpdf_doc.c */ = {isa = PBXFileReference; fileEncoding = 4; lastKnownFileType = sourcecode.c.c; name = hpdf_doc.c; path = Support/libharu/hpdf_doc.c; sourceTree = SOURCE_ROOT; };
		B4AD22AF13E94168001386E3 /* hpdf_doc_png.c */ = {isa = PBXFileReference; fileEncoding = 4; lastKnownFileType = sourcecode.c.c; name = hpdf_doc_png.c; path = Support/libharu/hpdf_doc_png.c; sourceTree = SOURCE_ROOT; };
		B4AD22B013E94168001386E3 /* hpdf_dict.c */ = {isa = PBXFileReference; fileEncoding = 4; lastKnownFileType = sourcecode.c.c; name = hpdf_dict.c; path = Support/libharu/hpdf_dict.c; sourceTree = SOURCE_ROOT; };
		B4AD22B113E94168001386E3 /* hpdf_destination.c */ = {isa = PBXFileReference; fileEncoding = 4; lastKnownFileType = sourcecode.c.c; name = hpdf_destination.c; path = Support/libharu/hpdf_destination.c; sourceTree = SOURCE_ROOT; };
		B4AD22B213E94168001386E3 /* hpdf_conf.h */ = {isa = PBXFileReference; fileEncoding = 4; lastKnownFileType = sourcecode.c.h; name = hpdf_conf.h; path = Support/libharu/hpdf_conf.h; sourceTree = SOURCE_ROOT; };
		B4AD22B313E94168001386E3 /* hpdf_catalog.c */ = {isa = PBXFileReference; fileEncoding = 4; lastKnownFileType = sourcecode.c.c; name = hpdf_catalog.c; path = Support/libharu/hpdf_catalog.c; sourceTree = SOURCE_ROOT; };
		B4AD22B413E94168001386E3 /* hpdf_annotation.h */ = {isa = PBXFileReference; fileEncoding = 4; lastKnownFileType = sourcecode.c.h; name = hpdf_annotation.h; path = Support/libharu/hpdf_annotation.h; sourceTree = SOURCE_ROOT; };
		B4AD22B513E94168001386E3 /* hpdf_annotation.c */ = {isa = PBXFileReference; fileEncoding = 4; lastKnownFileType = sourcecode.c.c; name = hpdf_annotation.c; path = Support/libharu/hpdf_annotation.c; sourceTree = SOURCE_ROOT; };
		B4AD22B613E94168001386E3 /* hpdf_3dmeasure.h */ = {isa = PBXFileReference; fileEncoding = 4; lastKnownFileType = sourcecode.c.h; name = hpdf_3dmeasure.h; path = Support/libharu/hpdf_3dmeasure.h; sourceTree = SOURCE_ROOT; };
		B4AD22B713E94168001386E3 /* hpdf_3dmeasure.c */ = {isa = PBXFileReference; fileEncoding = 4; lastKnownFileType = sourcecode.c.c; name = hpdf_3dmeasure.c; path = Support/libharu/hpdf_3dmeasure.c; sourceTree = SOURCE_ROOT; };
		B4AD22B813E94168001386E3 /* hpdf_xref.c */ = {isa = PBXFileReference; fileEncoding = 4; lastKnownFileType = sourcecode.c.c; name = hpdf_xref.c; path = Support/libharu/hpdf_xref.c; sourceTree = SOURCE_ROOT; };
		B4AD22B913E94168001386E3 /* hpdf_utils.h */ = {isa = PBXFileReference; fileEncoding = 4; lastKnownFileType = sourcecode.c.h; name = hpdf_utils.h; path = Support/libharu/hpdf_utils.h; sourceTree = SOURCE_ROOT; };
		B4AD22BA13E94168001386E3 /* hpdf_real.c */ = {isa = PBXFileReference; fileEncoding = 4; lastKnownFileType = sourcecode.c.c; name = hpdf_real.c; path = Support/libharu/hpdf_real.c; sourceTree = SOURCE_ROOT; };
		B4AD22BB13E94168001386E3 /* hpdf_pages.h */ = {isa = PBXFileReference; fileEncoding = 4; lastKnownFileType = sourcecode.c.h; name = hpdf_pages.h; path = Support/libharu/hpdf_pages.h; sourceTree = SOURCE_ROOT; };
		B4AD22BC13E94168001386E3 /* hpdf_page_label.h */ = {isa = PBXFileReference; fileEncoding = 4; lastKnownFileType = sourcecode.c.h; name = hpdf_page_label.h; path = Support/libharu/hpdf_page_label.h; sourceTree = SOURCE_ROOT; };
		B4AD22BD13E94168001386E3 /* hpdf_page_label.c */ = {isa = PBXFileReference; fileEncoding = 4; lastKnownFileType = sourcecode.c.c; name = hpdf_page_label.c; path = Support/libharu/hpdf_page_label.c; sourceTree = SOURCE_ROOT; };
		B4AD22BE13E94168001386E3 /* hpdf_outline.h */ = {isa = PBXFileReference; fileEncoding = 4; lastKnownFileType = sourcecode.c.h; name = hpdf_outline.h; path = Support/libharu/hpdf_outline.h; sourceTree = SOURCE_ROOT; };
		B4AD22BF13E94168001386E3 /* hpdf_objects.c */ = {isa = PBXFileReference; fileEncoding = 4; lastKnownFileType = sourcecode.c.c; name = hpdf_objects.c; path = Support/libharu/hpdf_objects.c; sourceTree = SOURCE_ROOT; };
		B4AD22C013E94168001386E3 /* hpdf_number.c */ = {isa = PBXFileReference; fileEncoding = 4; lastKnownFileType = sourcecode.c.c; name = hpdf_number.c; path = Support/libharu/hpdf_number.c; sourceTree = SOURCE_ROOT; };
		B4AD22C113E94168001386E3 /* hpdf_null.c */ = {isa = PBXFileReference; fileEncoding = 4; lastKnownFileType = sourcecode.c.c; name = hpdf_null.c; path = Support/libharu/hpdf_null.c; sourceTree = SOURCE_ROOT; };
		B4AD22C213E94168001386E3 /* hpdf_namedict.h */ = {isa = PBXFileReference; fileEncoding = 4; lastKnownFileType = sourcecode.c.h; name = hpdf_namedict.h; path = Support/libharu/hpdf_namedict.h; sourceTree = SOURCE_ROOT; };
		B4AD22C313E94168001386E3 /* hpdf_name.c */ = {isa = PBXFileReference; fileEncoding = 4; lastKnownFileType = sourcecode.c.c; name = hpdf_name.c; path = Support/libharu/hpdf_name.c; sourceTree = SOURCE_ROOT; };
		B4AD22C413E94168001386E3 /* hpdf_mmgr.h */ = {isa = PBXFileReference; fileEncoding = 4; lastKnownFileType = sourcecode.c.h; name = hpdf_mmgr.h; path = Support/libharu/hpdf_mmgr.h; sourceTree = SOURCE_ROOT; };
		B4AD22C513E94168001386E3 /* hpdf_mmgr.c */ = {isa = PBXFileReference; fileEncoding = 4; lastKnownFileType = sourcecode.c.c; name = hpdf_mmgr.c; path = Support/libharu/hpdf_mmgr.c; sourceTree = SOURCE_ROOT; };
		B4AD22C613E94168001386E3 /* hpdf_list.h */ = {isa = PBXFileReference; fileEncoding = 4; lastKnownFileType = sourcecode.c.h; name = hpdf_list.h; path = Support/libharu/hpdf_list.h; sourceTree = SOURCE_ROOT; };
		B4AD22C713E94168001386E3 /* hpdf_list.c */ = {isa = PBXFileReference; fileEncoding = 4; lastKnownFileType = sourcecode.c.c; name = hpdf_list.c; path = Support/libharu/hpdf_list.c; sourceTree = SOURCE_ROOT; };
		B4AD22C813E94168001386E3 /* hpdf_info.h */ = {isa = PBXFileReference; fileEncoding = 4; lastKnownFileType = sourcecode.c.h; name = hpdf_info.h; path = Support/libharu/hpdf_info.h; sourceTree = SOURCE_ROOT; };
		B4AD22C913E94168001386E3 /* hpdf_image_png.c.orig */ = {isa = PBXFileReference; fileEncoding = 4; lastKnownFileType = text; name = hpdf_image_png.c.orig; path = Support/libharu/hpdf_image_png.c.orig; sourceTree = SOURCE_ROOT; };
		B4AD22CA13E94168001386E3 /* hpdf_gstate.h */ = {isa = PBXFileReference; fileEncoding = 4; lastKnownFileType = sourcecode.c.h; name = hpdf_gstate.h; path = Support/libharu/hpdf_gstate.h; sourceTree = SOURCE_ROOT; };
		B4AD22CB13E94168001386E3 /* hpdf_gstate.c */ = {isa = PBXFileReference; fileEncoding = 4; lastKnownFileType = sourcecode.c.c; name = hpdf_gstate.c; path = Support/libharu/hpdf_gstate.c; sourceTree = SOURCE_ROOT; };
		B4AD22CC13E94168001386E3 /* hpdf_fontdef.h */ = {isa = PBXFileReference; fileEncoding = 4; lastKnownFileType = sourcecode.c.h; name = hpdf_fontdef.h; path = Support/libharu/hpdf_fontdef.h; sourceTree = SOURCE_ROOT; };
		B4AD22CD13E94168001386E3 /* hpdf_fontdef.c */ = {isa = PBXFileReference; fileEncoding = 4; lastKnownFileType = sourcecode.c.c; name = hpdf_fontdef.c; path = Support/libharu/hpdf_fontdef.c; sourceTree = SOURCE_ROOT; };
		B4AD22CE13E94168001386E3 /* hpdf_fontdef_kr.c */ = {isa = PBXFileReference; fileEncoding = 4; lastKnownFileType = sourcecode.c.c; name = hpdf_fontdef_kr.c; path = Support/libharu/hpdf_fontdef_kr.c; sourceTree = SOURCE_ROOT; };
		B4AD22CF13E94168001386E3 /* hpdf_fontdef_jp.c */ = {isa = PBXFileReference; fileEncoding = 4; lastKnownFileType = sourcecode.c.c; name = hpdf_fontdef_jp.c; path = Support/libharu/hpdf_fontdef_jp.c; sourceTree = SOURCE_ROOT; };
		B4AD22D013E94168001386E3 /* hpdf_fontdef_cnt.c */ = {isa = PBXFileReference; fileEncoding = 4; lastKnownFileType = sourcecode.c.c; name = hpdf_fontdef_cnt.c; path = Support/libharu/hpdf_fontdef_cnt.c; sourceTree = SOURCE_ROOT; };
		B4AD22D113E94168001386E3 /* hpdf_fontdef_cns.c */ = {isa = PBXFileReference; fileEncoding = 4; lastKnownFileType = sourcecode.c.c; name = hpdf_fontdef_cns.c; path = Support/libharu/hpdf_fontdef_cns.c; sourceTree = SOURCE_ROOT; };
		B4AD22D213E94168001386E3 /* hpdf_fontdef_cid.c */ = {isa = PBXFileReference; fileEncoding = 4; lastKnownFileType = sourcecode.c.c; name = hpdf_fontdef_cid.c; path = Support/libharu/hpdf_fontdef_cid.c; sourceTree = SOURCE_ROOT; };
		B4AD22D313E94168001386E3 /* hpdf_fontdef_base14.c */ = {isa = PBXFileReference; fileEncoding = 4; lastKnownFileType = sourcecode.c.c; name = hpdf_fontdef_base14.c; path = Support/libharu/hpdf_fontdef_base14.c; sourceTree = SOURCE_ROOT; };
		B4AD22D413E94168001386E3 /* hpdf_font.h */ = {isa = PBXFileReference; fileEncoding = 4; lastKnownFileType = sourcecode.c.h; name = hpdf_font.h; path = Support/libharu/hpdf_font.h; sourceTree = SOURCE_ROOT; };
		B4AD22D513E94168001386E3 /* hpdf_font.c */ = {isa = PBXFileReference; fileEncoding = 4; lastKnownFileType = sourcecode.c.c; name = hpdf_font.c; path = Support/libharu/hpdf_font.c; sourceTree = SOURCE_ROOT; };
		B4AD22D613E94168001386E3 /* hpdf_font_type1.c */ = {isa = PBXFileReference; fileEncoding = 4; lastKnownFileType = sourcecode.c.c; name = hpdf_font_type1.c; path = Support/libharu/hpdf_font_type1.c; sourceTree = SOURCE_ROOT; };
		B4AD22D713E94168001386E3 /* hpdf_ext_gstate.h */ = {isa = PBXFileReference; fileEncoding = 4; lastKnownFileType = sourcecode.c.h; name = hpdf_ext_gstate.h; path = Support/libharu/hpdf_ext_gstate.h; sourceTree = SOURCE_ROOT; };
		B4AD22D813E94168001386E3 /* hpdf_error.h */ = {isa = PBXFileReference; fileEncoding = 4; lastKnownFileType = sourcecode.c.h; name = hpdf_error.h; path = Support/libharu/hpdf_error.h; sourceTree = SOURCE_ROOT; };
		B4AD22D913E94168001386E3 /* hpdf_error.c */ = {isa = PBXFileReference; fileEncoding = 4; lastKnownFileType = sourcecode.c.c; name = hpdf_error.c; path = Support/libharu/hpdf_error.c; sourceTree = SOURCE_ROOT; };
		B4AD22DA13E94168001386E3 /* hpdf_encryptdict.h */ = {isa = PBXFileReference; fileEncoding = 4; lastKnownFileType = sourcecode.c.h; name = hpdf_encryptdict.h; path = Support/libharu/hpdf_encryptdict.h; sourceTree = SOURCE_ROOT; };
		B4AD22DB13E94168001386E3 /* hpdf_encrypt.h */ = {isa = PBXFileReference; fileEncoding = 4; lastKnownFileType = sourcecode.c.h; name = hpdf_encrypt.h; path = Support/libharu/hpdf_encrypt.h; sourceTree = SOURCE_ROOT; };
		B4AD22DC13E94168001386E3 /* hpdf_encoder.h */ = {isa = PBXFileReference; fileEncoding = 4; lastKnownFileType = sourcecode.c.h; name = hpdf_encoder.h; path = Support/libharu/hpdf_encoder.h; sourceTree = SOURCE_ROOT; };
		B4AD22DD13E94168001386E3 /* hpdf_doc.h */ = {isa = PBXFileReference; fileEncoding = 4; lastKnownFileType = sourcecode.c.h; name = hpdf_doc.h; path = Support/libharu/hpdf_doc.h; sourceTree = SOURCE_ROOT; };
		B4AD22DE13E94168001386E3 /* hpdf_destination.h */ = {isa = PBXFileReference; fileEncoding = 4; lastKnownFileType = sourcecode.c.h; name = hpdf_destination.h; path = Support/libharu/hpdf_destination.h; sourceTree = SOURCE_ROOT; };
		B4AD22DF13E94168001386E3 /* hpdf_consts.h */ = {isa = PBXFileReference; fileEncoding = 4; lastKnownFileType = sourcecode.c.h; name = hpdf_consts.h; path = Support/libharu/hpdf_consts.h; sourceTree = SOURCE_ROOT; };
		B4AD22E013E94168001386E3 /* hpdf_config.h */ = {isa = PBXFileReference; fileEncoding = 4; lastKnownFileType = sourcecode.c.h; name = hpdf_config.h; path = Support/libharu/hpdf_config.h; sourceTree = SOURCE_ROOT; };
		B4AD22E113E94168001386E3 /* hpdf_catalog.h */ = {isa = PBXFileReference; fileEncoding = 4; lastKnownFileType = sourcecode.c.h; name = hpdf_catalog.h; path = Support/libharu/hpdf_catalog.h; sourceTree = SOURCE_ROOT; };
		B4AD22E213E94168001386E3 /* hpdf_boolean.c */ = {isa = PBXFileReference; fileEncoding = 4; lastKnownFileType = sourcecode.c.c; name = hpdf_boolean.c; path = Support/libharu/hpdf_boolean.c; sourceTree = SOURCE_ROOT; };
		B4AD22E313E94168001386E3 /* hpdf_binary.c */ = {isa = PBXFileReference; fileEncoding = 4; lastKnownFileType = sourcecode.c.c; name = hpdf_binary.c; path = Support/libharu/hpdf_binary.c; sourceTree = SOURCE_ROOT; };
		B4AD22E413E94168001386E3 /* hpdf_array.c */ = {isa = PBXFileReference; fileEncoding = 4; lastKnownFileType = sourcecode.c.c; name = hpdf_array.c; path = Support/libharu/hpdf_array.c; sourceTree = SOURCE_ROOT; };
		B4AD241F13E94C08001386E3 /* PDFView_iPad.xib */ = {isa = PBXFileReference; lastKnownFileType = file.xib; path = PDFView_iPad.xib; sourceTree = "<group>"; };
/* End PBXFileReference section */

/* Begin PBXFrameworksBuildPhase section */
		0EE7E16E108995040030B9EF /* Frameworks */ = {
			isa = PBXFrameworksBuildPhase;
			buildActionMask = 2147483647;
			files = (
			);
			runOnlyForDeploymentPostprocessing = 0;
		};
		0EE7E1CF1089A1890030B9EF /* Frameworks */ = {
			isa = PBXFrameworksBuildPhase;
			buildActionMask = 2147483647;
			files = (
				0EE7E1DC1089A2550030B9EF /* libz.dylib in Frameworks */,
				0EE7E1D61089A19F0030B9EF /* libpng.a in Frameworks */,
			);
			runOnlyForDeploymentPostprocessing = 0;
		};
		1D60588F0D05DD3D006BFB54 /* Frameworks */ = {
			isa = PBXFrameworksBuildPhase;
			buildActionMask = 2147483647;
			files = (
				1D60589F0D05DD5A006BFB54 /* Foundation.framework in Frameworks */,
				1DF5F4E00D08C38300B7A737 /* UIKit.framework in Frameworks */,
				288765FD0DF74451002DB57D /* CoreGraphics.framework in Frameworks */,
				0EE7E1A2108996050030B9EF /* libpng.a in Frameworks */,
				0EE7E1DB1089A24B0030B9EF /* libz.dylib in Frameworks */,
				0EE7E2321089A2C00030B9EF /* libharu.a in Frameworks */,
			);
			runOnlyForDeploymentPostprocessing = 0;
		};
/* End PBXFrameworksBuildPhase section */

/* Begin PBXGroup section */
		080E96DDFE201D6D7F000001 /* Classes */ = {
			isa = PBXGroup;
			children = (
				0E23974B109D82F500601771 /* PDFAppDelegate.h */,
				0E23974C109D82F500601771 /* PDFAppDelegate.m */,
				0E23974D109D82F500601771 /* PDFViewController.h */,
				0E23974E109D82F500601771 /* PDFViewController.m */,
				0EE12098109360A7001190C3 /* PDFService.h */,
				0EE12099109360A7001190C3 /* PDFService.m */,
			);
			path = Classes;
			sourceTree = "<group>";
		};
		0EE7E118108990140030B9EF /* Support */ = {
			isa = PBXGroup;
			children = (
				0EE7E119108990140030B9EF /* libharu */,
				0EE7E150108990140030B9EF /* libpng */,
			);
			path = Support;
			sourceTree = "<group>";
		};
		0EE7E119108990140030B9EF /* libharu */ = {
			isa = PBXGroup;
			children = (
				B4AD228913E94168001386E3 /* t4.h */,
				B4AD228A13E94168001386E3 /* hpdf_version.h */,
				B4AD228B13E94168001386E3 /* hpdf_utils.c */,
				B4AD228C13E94168001386E3 /* hpdf_u3d.h */,
				B4AD228D13E94168001386E3 /* hpdf_u3d.c */,
				B4AD228E13E94168001386E3 /* hpdf_types.h */,
				B4AD228F13E94168001386E3 /* hpdf_string.c */,
				B4AD229013E94168001386E3 /* hpdf_streams.h */,
				B4AD229113E94168001386E3 /* hpdf_streams.c */,
				B4AD229213E94168001386E3 /* hpdf_pdfa.h */,
				B4AD229313E94168001386E3 /* hpdf_pdfa.c */,
				B4AD229413E94168001386E3 /* hpdf_pages.c */,
				B4AD229513E94168001386E3 /* hpdf_page_operator.c */,
				B4AD229613E94168001386E3 /* hpdf_outline.c */,
				B4AD229713E94168001386E3 /* hpdf_objects.h */,
				B4AD229813E94168001386E3 /* hpdf_namedict.c */,
				B4AD229913E94168001386E3 /* hpdf_info.c */,
				B4AD229A13E94168001386E3 /* hpdf_image.h */,
				B4AD229B13E94168001386E3 /* hpdf_image.c */,
				B4AD229C13E94168001386E3 /* hpdf_image_png.c */,
				B4AD229D13E94168001386E3 /* hpdf_image_ccitt.c */,
				B4AD229E13E94168001386E3 /* hpdf_fontdef_type1.c */,
				B4AD229F13E94168001386E3 /* hpdf_fontdef_tt.c */,
				B4AD22A013E94168001386E3 /* hpdf_font_tt.c */,
				B4AD22A113E94168001386E3 /* hpdf_font_cid.c */,
				B4AD22A213E94168001386E3 /* hpdf_ext_gstate.c */,
				B4AD22A313E94168001386E3 /* hpdf_exdata.h */,
				B4AD22A413E94168001386E3 /* hpdf_exdata.c */,
				B4AD22A513E94168001386E3 /* hpdf_encryptdict.c */,
				B4AD22A613E94168001386E3 /* hpdf_encrypt.c */,
				B4AD22A713E94168001386E3 /* hpdf_encoder_utf.c */,
				B4AD22A813E94168001386E3 /* hpdf_encoder_kr.c */,
				B4AD22A913E94168001386E3 /* hpdf_encoder_jp.c */,
				B4AD22AA13E94168001386E3 /* hpdf_encoder_cnt.c */,
				B4AD22AB13E94168001386E3 /* hpdf_encoder_cns.c */,
				B4AD22AC13E94168001386E3 /* hpdf.h */,
				B4AD22AD13E94168001386E3 /* hpdf_encoder.c */,
				B4AD22AE13E94168001386E3 /* hpdf_doc.c */,
				B4AD22AF13E94168001386E3 /* hpdf_doc_png.c */,
				B4AD22B013E94168001386E3 /* hpdf_dict.c */,
				B4AD22B113E94168001386E3 /* hpdf_destination.c */,
				B4AD22B213E94168001386E3 /* hpdf_conf.h */,
				B4AD22B313E94168001386E3 /* hpdf_catalog.c */,
				B4AD22B413E94168001386E3 /* hpdf_annotation.h */,
				B4AD22B513E94168001386E3 /* hpdf_annotation.c */,
				B4AD22B613E94168001386E3 /* hpdf_3dmeasure.h */,
				B4AD22B713E94168001386E3 /* hpdf_3dmeasure.c */,
				B4AD22B813E94168001386E3 /* hpdf_xref.c */,
				B4AD22B913E94168001386E3 /* hpdf_utils.h */,
				B4AD22BA13E94168001386E3 /* hpdf_real.c */,
				B4AD22BB13E94168001386E3 /* hpdf_pages.h */,
				B4AD22BC13E94168001386E3 /* hpdf_page_label.h */,
				B4AD22BD13E94168001386E3 /* hpdf_page_label.c */,
				B4AD22BE13E94168001386E3 /* hpdf_outline.h */,
				B4AD22BF13E94168001386E3 /* hpdf_objects.c */,
				B4AD22C013E94168001386E3 /* hpdf_number.c */,
				B4AD22C113E94168001386E3 /* hpdf_null.c */,
				B4AD22C213E94168001386E3 /* hpdf_namedict.h */,
				B4AD22C313E94168001386E3 /* hpdf_name.c */,
				B4AD22C413E94168001386E3 /* hpdf_mmgr.h */,
				B4AD22C513E94168001386E3 /* hpdf_mmgr.c */,
				B4AD22C613E94168001386E3 /* hpdf_list.h */,
				B4AD22C713E94168001386E3 /* hpdf_list.c */,
				B4AD22C813E94168001386E3 /* hpdf_info.h */,
				B4AD22C913E94168001386E3 /* hpdf_image_png.c.orig */,
				B4AD22CA13E94168001386E3 /* hpdf_gstate.h */,
				B4AD22CB13E94168001386E3 /* hpdf_gstate.c */,
				B4AD22CC13E94168001386E3 /* hpdf_fontdef.h */,
				B4AD22CD13E94168001386E3 /* hpdf_fontdef.c */,
				B4AD22CE13E94168001386E3 /* hpdf_fontdef_kr.c */,
				B4AD22CF13E94168001386E3 /* hpdf_fontdef_jp.c */,
				B4AD22D013E94168001386E3 /* hpdf_fontdef_cnt.c */,
				B4AD22D113E94168001386E3 /* hpdf_fontdef_cns.c */,
				B4AD22D213E94168001386E3 /* hpdf_fontdef_cid.c */,
				B4AD22D313E94168001386E3 /* hpdf_fontdef_base14.c */,
				B4AD22D413E94168001386E3 /* hpdf_font.h */,
				B4AD22D513E94168001386E3 /* hpdf_font.c */,
				B4AD22D613E94168001386E3 /* hpdf_font_type1.c */,
				B4AD22D713E94168001386E3 /* hpdf_ext_gstate.h */,
				B4AD22D813E94168001386E3 /* hpdf_error.h */,
				B4AD22D913E94168001386E3 /* hpdf_error.c */,
				B4AD22DA13E94168001386E3 /* hpdf_encryptdict.h */,
				B4AD22DB13E94168001386E3 /* hpdf_encrypt.h */,
				B4AD22DC13E94168001386E3 /* hpdf_encoder.h */,
				B4AD22DD13E94168001386E3 /* hpdf_doc.h */,
				B4AD22DE13E94168001386E3 /* hpdf_destination.h */,
				B4AD22DF13E94168001386E3 /* hpdf_consts.h */,
				B4AD22E013E94168001386E3 /* hpdf_config.h */,
				B4AD22E113E94168001386E3 /* hpdf_catalog.h */,
				B4AD22E213E94168001386E3 /* hpdf_boolean.c */,
				B4AD22E313E94168001386E3 /* hpdf_binary.c */,
				B4AD22E413E94168001386E3 /* hpdf_array.c */,
			);
			path = libharu;
			sourceTree = "<group>";
		};
		0EE7E150108990140030B9EF /* libpng */ = {
			isa = PBXGroup;
			children = (
				B4AD223513E9413F001386E3 /* config.h */,
				B4AD223613E9413F001386E3 /* pngwutil.c */,
				B4AD223713E9413F001386E3 /* pngwtran.c */,
				B4AD223813E9413F001386E3 /* pngwrite.c */,
				B4AD223913E9413F001386E3 /* pngwio.c */,
				B4AD223A13E9413F001386E3 /* pngtrans.c */,
				B4AD223B13E9413F001386E3 /* pngstruct.h */,
				B4AD223C13E9413F001386E3 /* pngset.c */,
				B4AD223D13E9413F001386E3 /* pngrutil.c */,
				B4AD223E13E9413F001386E3 /* pngrtran.c */,
				B4AD223F13E9413F001386E3 /* pngrio.c */,
				B4AD224013E9413F001386E3 /* pngread.c */,
				B4AD224113E9413F001386E3 /* pngpriv.h */,
				B4AD224213E9413F001386E3 /* pngpread.c */,
				B4AD224313E9413F001386E3 /* pngmem.c */,
				B4AD224413E9413F001386E3 /* pnginfo.h */,
				B4AD224513E9413F001386E3 /* pngget.c */,
				B4AD224613E9413F001386E3 /* pngerror.c */,
				B4AD224713E9413F001386E3 /* pngdebug.h */,
				B4AD224813E9413F001386E3 /* pngconf.h */,
				B4AD224913E9413F001386E3 /* png.h */,
				B4AD224A13E9413F001386E3 /* png.c */,
				B4AD224B13E9413F001386E3 /* pnglibconf.h */,
			);
			path = libpng;
			sourceTree = "<group>";
		};
		19C28FACFE9D520D11CA2CBB /* Products */ = {
			isa = PBXGroup;
			children = (
				0EE7E170108995040030B9EF /* libpng.a */,
				0EE7E1D11089A1890030B9EF /* libharu.a */,
				0E239806109D839A00601771 /* iPhonePDF.app */,
			);
			name = Products;
			sourceTree = "<group>";
		};
		29B97314FDCFA39411CA2CEA /* CustomTemplate */ = {
			isa = PBXGroup;
			children = (
				080E96DDFE201D6D7F000001 /* Classes */,
				0EE7E118108990140030B9EF /* Support */,
				29B97315FDCFA39411CA2CEA /* Other Sources */,
				29B97317FDCFA39411CA2CEA /* Resources */,
				29B97323FDCFA39411CA2CEA /* Frameworks */,
				19C28FACFE9D520D11CA2CBB /* Products */,
			);
			name = CustomTemplate;
			sourceTree = "<group>";
		};
		29B97315FDCFA39411CA2CEA /* Other Sources */ = {
			isa = PBXGroup;
			children = (
				0E239751109D830400601771 /* iPhonePDF_Prefix.pch */,
				29B97316FDCFA39411CA2CEA /* main.m */,
			);
			name = "Other Sources";
			sourceTree = "<group>";
		};
		29B97317FDCFA39411CA2CEA /* Resources */ = {
			isa = PBXGroup;
			children = (
				B4AD241F13E94C08001386E3 /* PDFView_iPad.xib */,
				0E23984A109D885400601771 /* test.png */,
				0E239802109D832A00601771 /* iPhonePDF-Info.plist */,
				28AD733E0D9D9553002E5188 /* MainWindow.xib */,
				0E239891109D8CEB00601771 /* PDFView.xib */,
			);
			name = Resources;
			sourceTree = "<group>";
		};
		29B97323FDCFA39411CA2CEA /* Frameworks */ = {
			isa = PBXGroup;
			children = (
				1DF5F4DF0D08C38300B7A737 /* UIKit.framework */,
				1D30AB110D05D00D00671497 /* Foundation.framework */,
				288765FC0DF74451002DB57D /* CoreGraphics.framework */,
				0EE7E1DA1089A24B0030B9EF /* libz.dylib */,
			);
			name = Frameworks;
			sourceTree = "<group>";
		};
/* End PBXGroup section */

/* Begin PBXHeadersBuildPhase section */
		0EE7E16C108995040030B9EF /* Headers */ = {
			isa = PBXHeadersBuildPhase;
			buildActionMask = 2147483647;
			files = (
				B4AD227213E9413F001386E3 /* config.h in Headers */,
				B4AD227813E9413F001386E3 /* pngstruct.h in Headers */,
				B4AD227E13E9413F001386E3 /* pngpriv.h in Headers */,
				B4AD228113E9413F001386E3 /* pnginfo.h in Headers */,
				B4AD228413E9413F001386E3 /* pngdebug.h in Headers */,
				B4AD228513E9413F001386E3 /* pngconf.h in Headers */,
				B4AD228613E9413F001386E3 /* png.h in Headers */,
				B4AD228813E9413F001386E3 /* pnglibconf.h in Headers */,
			);
			runOnlyForDeploymentPostprocessing = 0;
		};
		0EE7E1CD1089A1890030B9EF /* Headers */ = {
			isa = PBXHeadersBuildPhase;
			buildActionMask = 2147483647;
			files = (
				B4AD224C13E9413F001386E3 /* config.h in Headers */,
				B4AD225213E9413F001386E3 /* pngstruct.h in Headers */,
				B4AD225813E9413F001386E3 /* pngpriv.h in Headers */,
				B4AD225B13E9413F001386E3 /* pnginfo.h in Headers */,
				B4AD225E13E9413F001386E3 /* pngdebug.h in Headers */,
				B4AD225F13E9413F001386E3 /* pngconf.h in Headers */,
				B4AD226013E9413F001386E3 /* png.h in Headers */,
				B4AD226213E9413F001386E3 /* pnglibconf.h in Headers */,
				B4AD22E513E94168001386E3 /* t4.h in Headers */,
				B4AD22E613E94168001386E3 /* hpdf_version.h in Headers */,
				B4AD22E813E94168001386E3 /* hpdf_u3d.h in Headers */,
				B4AD22EA13E94168001386E3 /* hpdf_types.h in Headers */,
				B4AD22EC13E94168001386E3 /* hpdf_streams.h in Headers */,
				B4AD22EE13E94168001386E3 /* hpdf_pdfa.h in Headers */,
				B4AD22F313E94168001386E3 /* hpdf_objects.h in Headers */,
				B4AD22F613E94168001386E3 /* hpdf_image.h in Headers */,
				B4AD22FF13E94168001386E3 /* hpdf_exdata.h in Headers */,
				B4AD230813E94168001386E3 /* hpdf.h in Headers */,
				B4AD230E13E94168001386E3 /* hpdf_conf.h in Headers */,
				B4AD231013E94168001386E3 /* hpdf_annotation.h in Headers */,
				B4AD231213E94168001386E3 /* hpdf_3dmeasure.h in Headers */,
				B4AD231513E94168001386E3 /* hpdf_utils.h in Headers */,
				B4AD231713E94168001386E3 /* hpdf_pages.h in Headers */,
				B4AD231813E94168001386E3 /* hpdf_page_label.h in Headers */,
				B4AD231A13E94168001386E3 /* hpdf_outline.h in Headers */,
				B4AD231E13E94168001386E3 /* hpdf_namedict.h in Headers */,
				B4AD232013E94168001386E3 /* hpdf_mmgr.h in Headers */,
				B4AD232213E94168001386E3 /* hpdf_list.h in Headers */,
				B4AD232413E94168001386E3 /* hpdf_info.h in Headers */,
				B4AD232513E94168001386E3 /* hpdf_gstate.h in Headers */,
				B4AD232713E94168001386E3 /* hpdf_fontdef.h in Headers */,
				B4AD232F13E94168001386E3 /* hpdf_font.h in Headers */,
				B4AD233213E94168001386E3 /* hpdf_ext_gstate.h in Headers */,
				B4AD233313E94168001386E3 /* hpdf_error.h in Headers */,
				B4AD233513E94168001386E3 /* hpdf_encryptdict.h in Headers */,
				B4AD233613E94168001386E3 /* hpdf_encrypt.h in Headers */,
				B4AD233713E94168001386E3 /* hpdf_encoder.h in Headers */,
				B4AD233813E94168001386E3 /* hpdf_doc.h in Headers */,
				B4AD233913E94168001386E3 /* hpdf_destination.h in Headers */,
				B4AD233A13E94168001386E3 /* hpdf_consts.h in Headers */,
				B4AD233B13E94168001386E3 /* hpdf_config.h in Headers */,
				B4AD233C13E94168001386E3 /* hpdf_catalog.h in Headers */,
			);
			runOnlyForDeploymentPostprocessing = 0;
		};
/* End PBXHeadersBuildPhase section */

/* Begin PBXNativeTarget section */
		0EE7E16F108995040030B9EF /* png */ = {
			isa = PBXNativeTarget;
			buildConfigurationList = 0EE7E173108995330030B9EF /* Build configuration list for PBXNativeTarget "png" */;
			buildPhases = (
				0EE7E16C108995040030B9EF /* Headers */,
				0EE7E16D108995040030B9EF /* Sources */,
				0EE7E16E108995040030B9EF /* Frameworks */,
			);
			buildRules = (
			);
			dependencies = (
			);
			name = png;
			productName = png;
			productReference = 0EE7E170108995040030B9EF /* libpng.a */;
			productType = "com.apple.product-type.library.static";
		};
		0EE7E1D01089A1890030B9EF /* haru */ = {
			isa = PBXNativeTarget;
			buildConfigurationList = 0EE7E1D71089A1BE0030B9EF /* Build configuration list for PBXNativeTarget "haru" */;
			buildPhases = (
				0EE7E1CD1089A1890030B9EF /* Headers */,
				0EE7E1CE1089A1890030B9EF /* Sources */,
				0EE7E1CF1089A1890030B9EF /* Frameworks */,
			);
			buildRules = (
			);
			dependencies = (
				0EE7E1D51089A1980030B9EF /* PBXTargetDependency */,
			);
			name = haru;
			productName = haru;
			productReference = 0EE7E1D11089A1890030B9EF /* libharu.a */;
			productType = "com.apple.product-type.library.static";
		};
		1D6058900D05DD3D006BFB54 /* iPhonePDF */ = {
			isa = PBXNativeTarget;
			buildConfigurationList = 1D6058960D05DD3E006BFB54 /* Build configuration list for PBXNativeTarget "iPhonePDF" */;
			buildPhases = (
				1D60588D0D05DD3D006BFB54 /* Resources */,
				1D60588E0D05DD3D006BFB54 /* Sources */,
				1D60588F0D05DD3D006BFB54 /* Frameworks */,
			);
			buildRules = (
			);
			dependencies = (
				0EE7E2311089A2BC0030B9EF /* PBXTargetDependency */,
			);
			name = iPhonePDF;
			productName = Meisi;
			productReference = 0E239806109D839A00601771 /* iPhonePDF.app */;
			productType = "com.apple.product-type.application";
		};
/* End PBXNativeTarget section */

/* Begin PBXProject section */
		29B97313FDCFA39411CA2CEA /* Project object */ = {
			isa = PBXProject;
			buildConfigurationList = C01FCF4E08A954540054247B /* Build configuration list for PBXProject "iPhonePDF" */;
			compatibilityVersion = "Xcode 3.1";
			developmentRegion = English;
			hasScannedForEncodings = 1;
			knownRegions = (
				English,
				Japanese,
				French,
				German,
			);
			mainGroup = 29B97314FDCFA39411CA2CEA /* CustomTemplate */;
			projectDirPath = "";
			projectRoot = "";
			targets = (
				1D6058900D05DD3D006BFB54 /* iPhonePDF */,
				0EE7E1D01089A1890030B9EF /* haru */,
				0EE7E16F108995040030B9EF /* png */,
			);
		};
/* End PBXProject section */

/* Begin PBXResourcesBuildPhase section */
		1D60588D0D05DD3D006BFB54 /* Resources */ = {
			isa = PBXResourcesBuildPhase;
			buildActionMask = 2147483647;
			files = (
				28AD733F0D9D9553002E5188 /* MainWindow.xib in Resources */,
				0E23984B109D885400601771 /* test.png in Resources */,
				0E239892109D8CEB00601771 /* PDFView.xib in Resources */,
				B4AD236B13E94168001386E3 /* hpdf_image_png.c.orig in Resources */,
				B4AD242013E94C08001386E3 /* PDFView_iPad.xib in Resources */,
			);
			runOnlyForDeploymentPostprocessing = 0;
		};
/* End PBXResourcesBuildPhase section */

/* Begin PBXSourcesBuildPhase section */
		0EE7E16D108995040030B9EF /* Sources */ = {
			isa = PBXSourcesBuildPhase;
			buildActionMask = 2147483647;
			files = (
				B4AD227313E9413F001386E3 /* pngwutil.c in Sources */,
				B4AD227413E9413F001386E3 /* pngwtran.c in Sources */,
				B4AD227513E9413F001386E3 /* pngwrite.c in Sources */,
				B4AD227613E9413F001386E3 /* pngwio.c in Sources */,
				B4AD227713E9413F001386E3 /* pngtrans.c in Sources */,
				B4AD227913E9413F001386E3 /* pngset.c in Sources */,
				B4AD227A13E9413F001386E3 /* pngrutil.c in Sources */,
				B4AD227B13E9413F001386E3 /* pngrtran.c in Sources */,
				B4AD227C13E9413F001386E3 /* pngrio.c in Sources */,
				B4AD227D13E9413F001386E3 /* pngread.c in Sources */,
				B4AD227F13E9413F001386E3 /* pngpread.c in Sources */,
				B4AD228013E9413F001386E3 /* pngmem.c in Sources */,
				B4AD228213E9413F001386E3 /* pngget.c in Sources */,
				B4AD228313E9413F001386E3 /* pngerror.c in Sources */,
				B4AD228713E9413F001386E3 /* png.c in Sources */,
			);
			runOnlyForDeploymentPostprocessing = 0;
		};
		0EE7E1CE1089A1890030B9EF /* Sources */ = {
			isa = PBXSourcesBuildPhase;
			buildActionMask = 2147483647;
			files = (
				B4AD224D13E9413F001386E3 /* pngwutil.c in Sources */,
				B4AD224E13E9413F001386E3 /* pngwtran.c in Sources */,
				B4AD224F13E9413F001386E3 /* pngwrite.c in Sources */,
				B4AD225013E9413F001386E3 /* pngwio.c in Sources */,
				B4AD225113E9413F001386E3 /* pngtrans.c in Sources */,
				B4AD225313E9413F001386E3 /* pngset.c in Sources */,
				B4AD225413E9413F001386E3 /* pngrutil.c in Sources */,
				B4AD225513E9413F001386E3 /* pngrtran.c in Sources */,
				B4AD225613E9413F001386E3 /* pngrio.c in Sources */,
				B4AD225713E9413F001386E3 /* pngread.c in Sources */,
				B4AD225913E9413F001386E3 /* pngpread.c in Sources */,
				B4AD225A13E9413F001386E3 /* pngmem.c in Sources */,
				B4AD225C13E9413F001386E3 /* pngget.c in Sources */,
				B4AD225D13E9413F001386E3 /* pngerror.c in Sources */,
				B4AD226113E9413F001386E3 /* png.c in Sources */,
				B4AD22E713E94168001386E3 /* hpdf_utils.c in Sources */,
				B4AD22E913E94168001386E3 /* hpdf_u3d.c in Sources */,
				B4AD22EB13E94168001386E3 /* hpdf_string.c in Sources */,
				B4AD22ED13E94168001386E3 /* hpdf_streams.c in Sources */,
				B4AD22EF13E94168001386E3 /* hpdf_pdfa.c in Sources */,
				B4AD22F013E94168001386E3 /* hpdf_pages.c in Sources */,
				B4AD22F113E94168001386E3 /* hpdf_page_operator.c in Sources */,
				B4AD22F213E94168001386E3 /* hpdf_outline.c in Sources */,
				B4AD22F413E94168001386E3 /* hpdf_namedict.c in Sources */,
				B4AD22F513E94168001386E3 /* hpdf_info.c in Sources */,
				B4AD22F713E94168001386E3 /* hpdf_image.c in Sources */,
				B4AD22F813E94168001386E3 /* hpdf_image_png.c in Sources */,
				B4AD22F913E94168001386E3 /* hpdf_image_ccitt.c in Sources */,
				B4AD22FA13E94168001386E3 /* hpdf_fontdef_type1.c in Sources */,
				B4AD22FB13E94168001386E3 /* hpdf_fontdef_tt.c in Sources */,
				B4AD22FC13E94168001386E3 /* hpdf_font_tt.c in Sources */,
				B4AD22FD13E94168001386E3 /* hpdf_font_cid.c in Sources */,
				B4AD22FE13E94168001386E3 /* hpdf_ext_gstate.c in Sources */,
				B4AD230013E94168001386E3 /* hpdf_exdata.c in Sources */,
				B4AD230113E94168001386E3 /* hpdf_encryptdict.c in Sources */,
				B4AD230213E94168001386E3 /* hpdf_encrypt.c in Sources */,
				B4AD230313E94168001386E3 /* hpdf_encoder_utf.c in Sources */,
				B4AD230413E94168001386E3 /* hpdf_encoder_kr.c in Sources */,
				B4AD230513E94168001386E3 /* hpdf_encoder_jp.c in Sources */,
				B4AD230613E94168001386E3 /* hpdf_encoder_cnt.c in Sources */,
				B4AD230713E94168001386E3 /* hpdf_encoder_cns.c in Sources */,
				B4AD230913E94168001386E3 /* hpdf_encoder.c in Sources */,
				B4AD230A13E94168001386E3 /* hpdf_doc.c in Sources */,
				B4AD230B13E94168001386E3 /* hpdf_doc_png.c in Sources */,
				B4AD230C13E94168001386E3 /* hpdf_dict.c in Sources */,
				B4AD230D13E94168001386E3 /* hpdf_destination.c in Sources */,
				B4AD230F13E94168001386E3 /* hpdf_catalog.c in Sources */,
				B4AD231113E94168001386E3 /* hpdf_annotation.c in Sources */,
				B4AD231313E94168001386E3 /* hpdf_3dmeasure.c in Sources */,
				B4AD231413E94168001386E3 /* hpdf_xref.c in Sources */,
				B4AD231613E94168001386E3 /* hpdf_real.c in Sources */,
				B4AD231913E94168001386E3 /* hpdf_page_label.c in Sources */,
				B4AD231B13E94168001386E3 /* hpdf_objects.c in Sources */,
				B4AD231C13E94168001386E3 /* hpdf_number.c in Sources */,
				B4AD231D13E94168001386E3 /* hpdf_null.c in Sources */,
				B4AD231F13E94168001386E3 /* hpdf_name.c in Sources */,
				B4AD232113E94168001386E3 /* hpdf_mmgr.c in Sources */,
				B4AD232313E94168001386E3 /* hpdf_list.c in Sources */,
				B4AD232613E94168001386E3 /* hpdf_gstate.c in Sources */,
				B4AD232813E94168001386E3 /* hpdf_fontdef.c in Sources */,
				B4AD232913E94168001386E3 /* hpdf_fontdef_kr.c in Sources */,
				B4AD232A13E94168001386E3 /* hpdf_fontdef_jp.c in Sources */,
				B4AD232B13E94168001386E3 /* hpdf_fontdef_cnt.c in Sources */,
				B4AD232C13E94168001386E3 /* hpdf_fontdef_cns.c in Sources */,
				B4AD232D13E94168001386E3 /* hpdf_fontdef_cid.c in Sources */,
				B4AD232E13E94168001386E3 /* hpdf_fontdef_base14.c in Sources */,
				B4AD233013E94168001386E3 /* hpdf_font.c in Sources */,
				B4AD233113E94168001386E3 /* hpdf_font_type1.c in Sources */,
				B4AD233413E94168001386E3 /* hpdf_error.c in Sources */,
				B4AD233D13E94168001386E3 /* hpdf_boolean.c in Sources */,
				B4AD233E13E94168001386E3 /* hpdf_binary.c in Sources */,
				B4AD233F13E94168001386E3 /* hpdf_array.c in Sources */,
			);
			runOnlyForDeploymentPostprocessing = 0;
		};
		1D60588E0D05DD3D006BFB54 /* Sources */ = {
			isa = PBXSourcesBuildPhase;
			buildActionMask = 2147483647;
			files = (
				1D60589B0D05DD56006BFB54 /* main.m in Sources */,
				0EE1209A109360A7001190C3 /* PDFService.m in Sources */,
				0E23974F109D82F500601771 /* PDFAppDelegate.m in Sources */,
				0E239750109D82F500601771 /* PDFViewController.m in Sources */,
				B4AD226313E9413F001386E3 /* pngwutil.c in Sources */,
				B4AD226413E9413F001386E3 /* pngwtran.c in Sources */,
				B4AD226513E9413F001386E3 /* pngwrite.c in Sources */,
				B4AD226613E9413F001386E3 /* pngwio.c in Sources */,
				B4AD226713E9413F001386E3 /* pngtrans.c in Sources */,
				B4AD226813E9413F001386E3 /* pngset.c in Sources */,
				B4AD226913E9413F001386E3 /* pngrutil.c in Sources */,
				B4AD226A13E9413F001386E3 /* pngrtran.c in Sources */,
				B4AD226B13E9413F001386E3 /* pngrio.c in Sources */,
				B4AD226C13E9413F001386E3 /* pngread.c in Sources */,
				B4AD226D13E9413F001386E3 /* pngpread.c in Sources */,
				B4AD226E13E9413F001386E3 /* pngmem.c in Sources */,
				B4AD226F13E9413F001386E3 /* pngget.c in Sources */,
				B4AD227013E9413F001386E3 /* pngerror.c in Sources */,
				B4AD227113E9413F001386E3 /* png.c in Sources */,
				B4AD234013E94168001386E3 /* hpdf_utils.c in Sources */,
				B4AD234113E94168001386E3 /* hpdf_u3d.c in Sources */,
				B4AD234213E94168001386E3 /* hpdf_string.c in Sources */,
				B4AD234313E94168001386E3 /* hpdf_streams.c in Sources */,
				B4AD234413E94168001386E3 /* hpdf_pdfa.c in Sources */,
				B4AD234513E94168001386E3 /* hpdf_pages.c in Sources */,
				B4AD234613E94168001386E3 /* hpdf_page_operator.c in Sources */,
				B4AD234713E94168001386E3 /* hpdf_outline.c in Sources */,
				B4AD234813E94168001386E3 /* hpdf_namedict.c in Sources */,
				B4AD234913E94168001386E3 /* hpdf_info.c in Sources */,
				B4AD234A13E94168001386E3 /* hpdf_image.c in Sources */,
				B4AD234B13E94168001386E3 /* hpdf_image_png.c in Sources */,
				B4AD234C13E94168001386E3 /* hpdf_image_ccitt.c in Sources */,
				B4AD234D13E94168001386E3 /* hpdf_fontdef_type1.c in Sources */,
				B4AD234E13E94168001386E3 /* hpdf_fontdef_tt.c in Sources */,
				B4AD234F13E94168001386E3 /* hpdf_font_tt.c in Sources */,
				B4AD235013E94168001386E3 /* hpdf_font_cid.c in Sources */,
				B4AD235113E94168001386E3 /* hpdf_ext_gstate.c in Sources */,
				B4AD235213E94168001386E3 /* hpdf_exdata.c in Sources */,
				B4AD235313E94168001386E3 /* hpdf_encryptdict.c in Sources */,
				B4AD235413E94168001386E3 /* hpdf_encrypt.c in Sources */,
				B4AD235513E94168001386E3 /* hpdf_encoder_utf.c in Sources */,
				B4AD235613E94168001386E3 /* hpdf_encoder_kr.c in Sources */,
				B4AD235713E94168001386E3 /* hpdf_encoder_jp.c in Sources */,
				B4AD235813E94168001386E3 /* hpdf_encoder_cnt.c in Sources */,
				B4AD235913E94168001386E3 /* hpdf_encoder_cns.c in Sources */,
				B4AD235A13E94168001386E3 /* hpdf_encoder.c in Sources */,
				B4AD235B13E94168001386E3 /* hpdf_doc.c in Sources */,
				B4AD235C13E94168001386E3 /* hpdf_doc_png.c in Sources */,
				B4AD235D13E94168001386E3 /* hpdf_dict.c in Sources */,
				B4AD235E13E94168001386E3 /* hpdf_destination.c in Sources */,
				B4AD235F13E94168001386E3 /* hpdf_catalog.c in Sources */,
				B4AD236013E94168001386E3 /* hpdf_annotation.c in Sources */,
				B4AD236113E94168001386E3 /* hpdf_3dmeasure.c in Sources */,
				B4AD236213E94168001386E3 /* hpdf_xref.c in Sources */,
				B4AD236313E94168001386E3 /* hpdf_real.c in Sources */,
				B4AD236413E94168001386E3 /* hpdf_page_label.c in Sources */,
				B4AD236513E94168001386E3 /* hpdf_objects.c in Sources */,
				B4AD236613E94168001386E3 /* hpdf_number.c in Sources */,
				B4AD236713E94168001386E3 /* hpdf_null.c in Sources */,
				B4AD236813E94168001386E3 /* hpdf_name.c in Sources */,
				B4AD236913E94168001386E3 /* hpdf_mmgr.c in Sources */,
				B4AD236A13E94168001386E3 /* hpdf_list.c in Sources */,
				B4AD236C13E94168001386E3 /* hpdf_gstate.c in Sources */,
				B4AD236D13E94168001386E3 /* hpdf_fontdef.c in Sources */,
				B4AD236E13E94168001386E3 /* hpdf_fontdef_kr.c in Sources */,
				B4AD236F13E94168001386E3 /* hpdf_fontdef_jp.c in Sources */,
				B4AD237013E94168001386E3 /* hpdf_fontdef_cnt.c in Sources */,
				B4AD237113E94168001386E3 /* hpdf_fontdef_cns.c in Sources */,
				B4AD237213E94168001386E3 /* hpdf_fontdef_cid.c in Sources */,
				B4AD237313E94168001386E3 /* hpdf_fontdef_base14.c in Sources */,
				B4AD237413E94168001386E3 /* hpdf_font.c in Sources */,
				B4AD237513E94168001386E3 /* hpdf_font_type1.c in Sources */,
				B4AD237613E94168001386E3 /* hpdf_error.c in Sources */,
				B4AD237713E94168001386E3 /* hpdf_boolean.c in Sources */,
				B4AD237813E94168001386E3 /* hpdf_binary.c in Sources */,
				B4AD237913E94168001386E3 /* hpdf_array.c in Sources */,
			);
			runOnlyForDeploymentPostprocessing = 0;
		};
/* End PBXSourcesBuildPhase section */

/* Begin PBXTargetDependency section */
		0EE7E1D51089A1980030B9EF /* PBXTargetDependency */ = {
			isa = PBXTargetDependency;
			target = 0EE7E16F108995040030B9EF /* png */;
			targetProxy = 0EE7E1D41089A1980030B9EF /* PBXContainerItemProxy */;
		};
		0EE7E2311089A2BC0030B9EF /* PBXTargetDependency */ = {
			isa = PBXTargetDependency;
			target = 0EE7E1D01089A1890030B9EF /* haru */;
			targetProxy = 0EE7E2301089A2BC0030B9EF /* PBXContainerItemProxy */;
		};
/* End PBXTargetDependency section */

/* Begin XCBuildConfiguration section */
		0EE7E171108995050030B9EF /* Debug */ = {
			isa = XCBuildConfiguration;
			buildSettings = {
				ALWAYS_SEARCH_USER_PATHS = NO;
				COPY_PHASE_STRIP = NO;
				GCC_DYNAMIC_NO_PIC = NO;
				GCC_OPTIMIZATION_LEVEL = 0;
				PREBINDING = NO;
				PRODUCT_NAME = png;
			};
			name = Debug;
		};
		0EE7E172108995050030B9EF /* Release */ = {
			isa = XCBuildConfiguration;
			buildSettings = {
				ALWAYS_SEARCH_USER_PATHS = NO;
				COPY_PHASE_STRIP = YES;
				DEBUG_INFORMATION_FORMAT = "dwarf-with-dsym";
				GCC_ENABLE_FIX_AND_CONTINUE = NO;
				PREBINDING = NO;
				PRODUCT_NAME = png;
				ZERO_LINK = NO;
			};
			name = Release;
		};
		0EE7E1D21089A1890030B9EF /* Debug */ = {
			isa = XCBuildConfiguration;
			buildSettings = {
				ALWAYS_SEARCH_USER_PATHS = NO;
				COPY_PHASE_STRIP = NO;
				GCC_DYNAMIC_NO_PIC = NO;
				GCC_OPTIMIZATION_LEVEL = 0;
				PREBINDING = NO;
				PRODUCT_NAME = haru;
			};
			name = Debug;
		};
		0EE7E1D31089A1890030B9EF /* Release */ = {
			isa = XCBuildConfiguration;
			buildSettings = {
				ALWAYS_SEARCH_USER_PATHS = NO;
				COPY_PHASE_STRIP = YES;
				DEBUG_INFORMATION_FORMAT = "dwarf-with-dsym";
				GCC_ENABLE_FIX_AND_CONTINUE = NO;
				PREBINDING = NO;
				PRODUCT_NAME = haru;
				ZERO_LINK = NO;
			};
			name = Release;
		};
		1D6058940D05DD3E006BFB54 /* Debug */ = {
			isa = XCBuildConfiguration;
			buildSettings = {
				ALWAYS_SEARCH_USER_PATHS = YES;
				COMPRESS_PNG_FILES = NO;
				COPY_PHASE_STRIP = NO;
				GCC_DYNAMIC_NO_PIC = NO;
				GCC_OPTIMIZATION_LEVEL = 0;
				GCC_PRECOMPILE_PREFIX_HEADER = YES;
				GCC_PREFIX_HEADER = iPhonePDF_Prefix.pch;
				GCC_PREPROCESSOR_DEFINITIONS = DEBUG;
				HEADER_SEARCH_PATHS = "";
				INFOPLIST_FILE = "iPhonePDF-Info.plist";
				IPHONE_OPTIMIZE_OPTIONS = "-skip-PNGs";
				LIBRARY_SEARCH_PATHS = (
					"$(inherited)",
					"\"$(SRCROOT)/build/Debug-iphonesimulator\"",
				);
				PRODUCT_NAME = iPhonePDF;
			};
			name = Debug;
		};
		1D6058950D05DD3E006BFB54 /* Release */ = {
			isa = XCBuildConfiguration;
			buildSettings = {
				ALWAYS_SEARCH_USER_PATHS = YES;
				COMPRESS_PNG_FILES = NO;
				COPY_PHASE_STRIP = YES;
				GCC_PRECOMPILE_PREFIX_HEADER = YES;
				GCC_PREFIX_HEADER = iPhonePDF_Prefix.pch;
				HEADER_SEARCH_PATHS = "";
				INFOPLIST_FILE = "iPhonePDF-Info.plist";
				IPHONE_OPTIMIZE_OPTIONS = "-skip-PNGs";
				LIBRARY_SEARCH_PATHS = (
					"$(inherited)",
					"\"$(SRCROOT)/build/Debug-iphonesimulator\"",
				);
				PRODUCT_NAME = iPhonePDF;
			};
			name = Release;
		};
		C01FCF4F08A954540054247B /* Debug */ = {
			isa = XCBuildConfiguration;
			buildSettings = {
				ARCHS = "$(ARCHS_STANDARD_32_BIT)";
				"CODE_SIGN_IDENTITY[sdk=iphoneos*]" = "Don't Code Sign";
				GCC_C_LANGUAGE_STANDARD = c99;
				GCC_PREPROCESSOR_DEFINITIONS = DEBUG;
				GCC_WARN_ABOUT_RETURN_TYPE = YES;
				GCC_WARN_UNUSED_VARIABLE = YES;
				HEADER_SEARCH_PATHS = "";
				PREBINDING = NO;
				"PROVISIONING_PROFILE[sdk=iphoneos*]" = "";
				SDKROOT = iphoneos4.3;
				TARGETED_DEVICE_FAMILY = "1,2";
				USER_HEADER_SEARCH_PATHS = "\"$(SRCROOT)/Support/libpng \"$(SRCROOT)/Support/libharu/**";
			};
			name = Debug;
		};
		C01FCF5008A954540054247B /* Release */ = {
			isa = XCBuildConfiguration;
			buildSettings = {
				ARCHS = "$(ARCHS_STANDARD_32_BIT)";
				"CODE_SIGN_IDENTITY[sdk=iphoneos*]" = "Don't Code Sign";
				GCC_C_LANGUAGE_STANDARD = c99;
				GCC_WARN_ABOUT_RETURN_TYPE = YES;
				GCC_WARN_UNUSED_VARIABLE = YES;
				HEADER_SEARCH_PATHS = "";
				PREBINDING = NO;
				"PROVISIONING_PROFILE[sdk=iphoneos*]" = "";
				SDKROOT = iphoneos4.3;
				TARGETED_DEVICE_FAMILY = "1,2";
				USER_HEADER_SEARCH_PATHS = "\"$(SRCROOT)/Support/libpng \"$(SRCROOT)/Support/libharu/**";
			};
			name = Release;
		};
/* End XCBuildConfiguration section */

/* Begin XCConfigurationList section */
		0EE7E173108995330030B9EF /* Build configuration list for PBXNativeTarget "png" */ = {
			isa = XCConfigurationList;
			buildConfigurations = (
				0EE7E171108995050030B9EF /* Debug */,
				0EE7E172108995050030B9EF /* Release */,
			);
			defaultConfigurationIsVisible = 0;
			defaultConfigurationName = Release;
		};
		0EE7E1D71089A1BE0030B9EF /* Build configuration list for PBXNativeTarget "haru" */ = {
			isa = XCConfigurationList;
			buildConfigurations = (
				0EE7E1D21089A1890030B9EF /* Debug */,
				0EE7E1D31089A1890030B9EF /* Release */,
			);
			defaultConfigurationIsVisible = 0;
			defaultConfigurationName = Release;
		};
		1D6058960D05DD3E006BFB54 /* Build configuration list for PBXNativeTarget "iPhonePDF" */ = {
			isa = XCConfigurationList;
			buildConfigurations = (
				1D6058940D05DD3E006BFB54 /* Debug */,
				1D6058950D05DD3E006BFB54 /* Release */,
			);
			defaultConfigurationIsVisible = 0;
			defaultConfigurationName = Release;
		};
		C01FCF4E08A954540054247B /* Build configuration list for PBXProject "iPhonePDF" */ = {
			isa = XCConfigurationList;
			buildConfigurations = (
				C01FCF4F08A954540054247B /* Debug */,
				C01FCF5008A954540054247B /* Release */,
			);
			defaultConfigurationIsVisible = 0;
			defaultConfigurationName = Release;
		};
/* End XCConfigurationList section */
	};
	rootObject = 29B97313FDCFA39411CA2CEA /* Project object */;
}
